// !$*UTF8*$!
{
	archiveVersion = 1;
	classes = {
	};
	objectVersion = 56;
	objects = {

/* Begin PBXBuildFile section */
		66F11B492C9DE08D00FA12B1 /* imcApp.swift in Sources */ = {isa = PBXBuildFile; fileRef = 66F11B482C9DE08D00FA12B1 /* imcApp.swift */; };
		66F11B4B2C9DE08D00FA12B1 /* ContentView.swift in Sources */ = {isa = PBXBuildFile; fileRef = 66F11B4A2C9DE08D00FA12B1 /* ContentView.swift */; };
		66F11B4D2C9DE08F00FA12B1 /* Assets.xcassets in Resources */ = {isa = PBXBuildFile; fileRef = 66F11B4C2C9DE08F00FA12B1 /* Assets.xcassets */; };
		66F11B512C9DE08F00FA12B1 /* Preview Assets.xcassets in Resources */ = {isa = PBXBuildFile; fileRef = 66F11B502C9DE08F00FA12B1 /* Preview Assets.xcassets */; };
		66F11B5B2C9DE08F00FA12B1 /* imcTests.swift in Sources */ = {isa = PBXBuildFile; fileRef = 66F11B5A2C9DE08F00FA12B1 /* imcTests.swift */; };
		66F11B652C9DE08F00FA12B1 /* imcUITests.swift in Sources */ = {isa = PBXBuildFile; fileRef = 66F11B642C9DE08F00FA12B1 /* imcUITests.swift */; };
		66F11B672C9DE08F00FA12B1 /* imcUITestsLaunchTests.swift in Sources */ = {isa = PBXBuildFile; fileRef = 66F11B662C9DE08F00FA12B1 /* imcUITestsLaunchTests.swift */; };
/* End PBXBuildFile section */

/* Begin PBXContainerItemProxy section */
		66F11B572C9DE08F00FA12B1 /* PBXContainerItemProxy */ = {
			isa = PBXContainerItemProxy;
			containerPortal = 66F11B3D2C9DE08D00FA12B1 /* Project object */;
			proxyType = 1;
			remoteGlobalIDString = 66F11B442C9DE08D00FA12B1;
			remoteInfo = imc;
		};
		66F11B612C9DE08F00FA12B1 /* PBXContainerItemProxy */ = {
			isa = PBXContainerItemProxy;
			containerPortal = 66F11B3D2C9DE08D00FA12B1 /* Project object */;
			proxyType = 1;
			remoteGlobalIDString = 66F11B442C9DE08D00FA12B1;
			remoteInfo = imc;
		};
/* End PBXContainerItemProxy section */

/* Begin PBXFileReference section */
		66F11B452C9DE08D00FA12B1 /* imc.app */ = {isa = PBXFileReference; explicitFileType = wrapper.application; includeInIndex = 0; path = imc.app; sourceTree = BUILT_PRODUCTS_DIR; };
		66F11B482C9DE08D00FA12B1 /* imcApp.swift */ = {isa = PBXFileReference; lastKnownFileType = sourcecode.swift; path = imcApp.swift; sourceTree = "<group>"; };
		66F11B4A2C9DE08D00FA12B1 /* ContentView.swift */ = {isa = PBXFileReference; lastKnownFileType = sourcecode.swift; path = ContentView.swift; sourceTree = "<group>"; };
		66F11B4C2C9DE08F00FA12B1 /* Assets.xcassets */ = {isa = PBXFileReference; lastKnownFileType = folder.assetcatalog; path = Assets.xcassets; sourceTree = "<group>"; };
		66F11B4E2C9DE08F00FA12B1 /* imc.entitlements */ = {isa = PBXFileReference; lastKnownFileType = text.plist.entitlements; path = imc.entitlements; sourceTree = "<group>"; };
		66F11B502C9DE08F00FA12B1 /* Preview Assets.xcassets */ = {isa = PBXFileReference; lastKnownFileType = folder.assetcatalog; path = "Preview Assets.xcassets"; sourceTree = "<group>"; };
		66F11B562C9DE08F00FA12B1 /* imcTests.xctest */ = {isa = PBXFileReference; explicitFileType = wrapper.cfbundle; includeInIndex = 0; path = imcTests.xctest; sourceTree = BUILT_PRODUCTS_DIR; };
		66F11B5A2C9DE08F00FA12B1 /* imcTests.swift */ = {isa = PBXFileReference; lastKnownFileType = sourcecode.swift; path = imcTests.swift; sourceTree = "<group>"; };
		66F11B602C9DE08F00FA12B1 /* imcUITests.xctest */ = {isa = PBXFileReference; explicitFileType = wrapper.cfbundle; includeInIndex = 0; path = imcUITests.xctest; sourceTree = BUILT_PRODUCTS_DIR; };
		66F11B642C9DE08F00FA12B1 /* imcUITests.swift */ = {isa = PBXFileReference; lastKnownFileType = sourcecode.swift; path = imcUITests.swift; sourceTree = "<group>"; };
		66F11B662C9DE08F00FA12B1 /* imcUITestsLaunchTests.swift */ = {isa = PBXFileReference; lastKnownFileType = sourcecode.swift; path = imcUITestsLaunchTests.swift; sourceTree = "<group>"; };
/* End PBXFileReference section */

/* Begin PBXFrameworksBuildPhase section */
		66F11B422C9DE08D00FA12B1 /* Frameworks */ = {
			isa = PBXFrameworksBuildPhase;
			buildActionMask = 2147483647;
			files = (
			);
			runOnlyForDeploymentPostprocessing = 0;
		};
		66F11B532C9DE08F00FA12B1 /* Frameworks */ = {
			isa = PBXFrameworksBuildPhase;
			buildActionMask = 2147483647;
			files = (
			);
			runOnlyForDeploymentPostprocessing = 0;
		};
		66F11B5D2C9DE08F00FA12B1 /* Frameworks */ = {
			isa = PBXFrameworksBuildPhase;
			buildActionMask = 2147483647;
			files = (
			);
			runOnlyForDeploymentPostprocessing = 0;
		};
/* End PBXFrameworksBuildPhase section */

/* Begin PBXGroup section */
		66F11B3C2C9DE08D00FA12B1 = {
			isa = PBXGroup;
			children = (
				66F11B472C9DE08D00FA12B1 /* imc */,
				66F11B592C9DE08F00FA12B1 /* imcTests */,
				66F11B632C9DE08F00FA12B1 /* imcUITests */,
				66F11B462C9DE08D00FA12B1 /* Products */,
			);
			sourceTree = "<group>";
		};
		66F11B462C9DE08D00FA12B1 /* Products */ = {
			isa = PBXGroup;
			children = (
				66F11B452C9DE08D00FA12B1 /* imc.app */,
				66F11B562C9DE08F00FA12B1 /* imcTests.xctest */,
				66F11B602C9DE08F00FA12B1 /* imcUITests.xctest */,
			);
			name = Products;
			sourceTree = "<group>";
		};
		66F11B472C9DE08D00FA12B1 /* imc */ = {
			isa = PBXGroup;
			children = (
				66F11B482C9DE08D00FA12B1 /* imcApp.swift */,
				66F11B4A2C9DE08D00FA12B1 /* ContentView.swift */,
				66F11B4C2C9DE08F00FA12B1 /* Assets.xcassets */,
				66F11B4E2C9DE08F00FA12B1 /* imc.entitlements */,
				66F11B4F2C9DE08F00FA12B1 /* Preview Content */,
			);
			path = imc;
			sourceTree = "<group>";
		};
		66F11B4F2C9DE08F00FA12B1 /* Preview Content */ = {
			isa = PBXGroup;
			children = (
				66F11B502C9DE08F00FA12B1 /* Preview Assets.xcassets */,
			);
			path = "Preview Content";
			sourceTree = "<group>";
		};
		66F11B592C9DE08F00FA12B1 /* imcTests */ = {
			isa = PBXGroup;
			children = (
				66F11B5A2C9DE08F00FA12B1 /* imcTests.swift */,
			);
			path = imcTests;
			sourceTree = "<group>";
		};
		66F11B632C9DE08F00FA12B1 /* imcUITests */ = {
			isa = PBXGroup;
			children = (
				66F11B642C9DE08F00FA12B1 /* imcUITests.swift */,
				66F11B662C9DE08F00FA12B1 /* imcUITestsLaunchTests.swift */,
			);
			path = imcUITests;
			sourceTree = "<group>";
		};
/* End PBXGroup section */

/* Begin PBXNativeTarget section */
		66F11B442C9DE08D00FA12B1 /* imc */ = {
			isa = PBXNativeTarget;
			buildConfigurationList = 66F11B6A2C9DE08F00FA12B1 /* Build configuration list for PBXNativeTarget "imc" */;
			buildPhases = (
				66F11B412C9DE08D00FA12B1 /* Sources */,
				66F11B422C9DE08D00FA12B1 /* Frameworks */,
				66F11B432C9DE08D00FA12B1 /* Resources */,
			);
			buildRules = (
			);
			dependencies = (
			);
			name = imc;
			productName = imc;
			productReference = 66F11B452C9DE08D00FA12B1 /* imc.app */;
			productType = "com.apple.product-type.application";
		};
		66F11B552C9DE08F00FA12B1 /* imcTests */ = {
			isa = PBXNativeTarget;
			buildConfigurationList = 66F11B6D2C9DE08F00FA12B1 /* Build configuration list for PBXNativeTarget "imcTests" */;
			buildPhases = (
				66F11B522C9DE08F00FA12B1 /* Sources */,
				66F11B532C9DE08F00FA12B1 /* Frameworks */,
				66F11B542C9DE08F00FA12B1 /* Resources */,
			);
			buildRules = (
			);
			dependencies = (
				66F11B582C9DE08F00FA12B1 /* PBXTargetDependency */,
			);
			name = imcTests;
			productName = imcTests;
			productReference = 66F11B562C9DE08F00FA12B1 /* imcTests.xctest */;
			productType = "com.apple.product-type.bundle.unit-test";
		};
		66F11B5F2C9DE08F00FA12B1 /* imcUITests */ = {
			isa = PBXNativeTarget;
			buildConfigurationList = 66F11B702C9DE08F00FA12B1 /* Build configuration list for PBXNativeTarget "imcUITests" */;
			buildPhases = (
				66F11B5C2C9DE08F00FA12B1 /* Sources */,
				66F11B5D2C9DE08F00FA12B1 /* Frameworks */,
				66F11B5E2C9DE08F00FA12B1 /* Resources */,
			);
			buildRules = (
			);
			dependencies = (
				66F11B622C9DE08F00FA12B1 /* PBXTargetDependency */,
			);
			name = imcUITests;
			productName = imcUITests;
			productReference = 66F11B602C9DE08F00FA12B1 /* imcUITests.xctest */;
			productType = "com.apple.product-type.bundle.ui-testing";
		};
/* End PBXNativeTarget section */

/* Begin PBXProject section */
		66F11B3D2C9DE08D00FA12B1 /* Project object */ = {
			isa = PBXProject;
			attributes = {
				BuildIndependentTargetsInParallel = 1;
				LastSwiftUpdateCheck = 1540;
				LastUpgradeCheck = 1540;
				TargetAttributes = {
					66F11B442C9DE08D00FA12B1 = {
						CreatedOnToolsVersion = 15.4;
					};
					66F11B552C9DE08F00FA12B1 = {
						CreatedOnToolsVersion = 15.4;
						TestTargetID = 66F11B442C9DE08D00FA12B1;
					};
					66F11B5F2C9DE08F00FA12B1 = {
						CreatedOnToolsVersion = 15.4;
						TestTargetID = 66F11B442C9DE08D00FA12B1;
					};
				};
			};
			buildConfigurationList = 66F11B402C9DE08D00FA12B1 /* Build configuration list for PBXProject "imc" */;
			compatibilityVersion = "Xcode 14.0";
			developmentRegion = en;
			hasScannedForEncodings = 0;
			knownRegions = (
				en,
				Base,
			);
			mainGroup = 66F11B3C2C9DE08D00FA12B1;
			productRefGroup = 66F11B462C9DE08D00FA12B1 /* Products */;
			projectDirPath = "";
			projectRoot = "";
			targets = (
				66F11B442C9DE08D00FA12B1 /* imc */,
				66F11B552C9DE08F00FA12B1 /* imcTests */,
				66F11B5F2C9DE08F00FA12B1 /* imcUITests */,
			);
		};
/* End PBXProject section */

/* Begin PBXResourcesBuildPhase section */
		66F11B432C9DE08D00FA12B1 /* Resources */ = {
			isa = PBXResourcesBuildPhase;
			buildActionMask = 2147483647;
			files = (
				66F11B512C9DE08F00FA12B1 /* Preview Assets.xcassets in Resources */,
				66F11B4D2C9DE08F00FA12B1 /* Assets.xcassets in Resources */,
			);
			runOnlyForDeploymentPostprocessing = 0;
		};
		66F11B542C9DE08F00FA12B1 /* Resources */ = {
			isa = PBXResourcesBuildPhase;
			buildActionMask = 2147483647;
			files = (
			);
			runOnlyForDeploymentPostprocessing = 0;
		};
		66F11B5E2C9DE08F00FA12B1 /* Resources */ = {
			isa = PBXResourcesBuildPhase;
			buildActionMask = 2147483647;
			files = (
			);
			runOnlyForDeploymentPostprocessing = 0;
		};
/* End PBXResourcesBuildPhase section */

/* Begin PBXSourcesBuildPhase section */
		66F11B412C9DE08D00FA12B1 /* Sources */ = {
			isa = PBXSourcesBuildPhase;
			buildActionMask = 2147483647;
			files = (
				66F11B4B2C9DE08D00FA12B1 /* ContentView.swift in Sources */,
				66F11B492C9DE08D00FA12B1 /* imcApp.swift in Sources */,
			);
			runOnlyForDeploymentPostprocessing = 0;
		};
		66F11B522C9DE08F00FA12B1 /* Sources */ = {
			isa = PBXSourcesBuildPhase;
			buildActionMask = 2147483647;
			files = (
				66F11B5B2C9DE08F00FA12B1 /* imcTests.swift in Sources */,
			);
			runOnlyForDeploymentPostprocessing = 0;
		};
		66F11B5C2C9DE08F00FA12B1 /* Sources */ = {
			isa = PBXSourcesBuildPhase;
			buildActionMask = 2147483647;
			files = (
				66F11B672C9DE08F00FA12B1 /* imcUITestsLaunchTests.swift in Sources */,
				66F11B652C9DE08F00FA12B1 /* imcUITests.swift in Sources */,
			);
			runOnlyForDeploymentPostprocessing = 0;
		};
/* End PBXSourcesBuildPhase section */

/* Begin PBXTargetDependency section */
		66F11B582C9DE08F00FA12B1 /* PBXTargetDependency */ = {
			isa = PBXTargetDependency;
			target = 66F11B442C9DE08D00FA12B1 /* imc */;
			targetProxy = 66F11B572C9DE08F00FA12B1 /* PBXContainerItemProxy */;
		};
		66F11B622C9DE08F00FA12B1 /* PBXTargetDependency */ = {
			isa = PBXTargetDependency;
			target = 66F11B442C9DE08D00FA12B1 /* imc */;
			targetProxy = 66F11B612C9DE08F00FA12B1 /* PBXContainerItemProxy */;
		};
/* End PBXTargetDependency section */

/* Begin XCBuildConfiguration section */
		66F11B682C9DE08F00FA12B1 /* Debug */ = {
			isa = XCBuildConfiguration;
			buildSettings = {
				ALWAYS_SEARCH_USER_PATHS = NO;
				ASSETCATALOG_COMPILER_GENERATE_SWIFT_ASSET_SYMBOL_EXTENSIONS = YES;
				CLANG_ANALYZER_NONNULL = YES;
				CLANG_ANALYZER_NUMBER_OBJECT_CONVERSION = YES_AGGRESSIVE;
				CLANG_CXX_LANGUAGE_STANDARD = "gnu++20";
				CLANG_ENABLE_MODULES = YES;
				CLANG_ENABLE_OBJC_ARC = YES;
				CLANG_ENABLE_OBJC_WEAK = YES;
				CLANG_WARN_BLOCK_CAPTURE_AUTORELEASING = YES;
				CLANG_WARN_BOOL_CONVERSION = YES;
				CLANG_WARN_COMMA = YES;
				CLANG_WARN_CONSTANT_CONVERSION = YES;
				CLANG_WARN_DEPRECATED_OBJC_IMPLEMENTATIONS = YES;
				CLANG_WARN_DIRECT_OBJC_ISA_USAGE = YES_ERROR;
				CLANG_WARN_DOCUMENTATION_COMMENTS = YES;
				CLANG_WARN_EMPTY_BODY = YES;
				CLANG_WARN_ENUM_CONVERSION = YES;
				CLANG_WARN_INFINITE_RECURSION = YES;
				CLANG_WARN_INT_CONVERSION = YES;
				CLANG_WARN_NON_LITERAL_NULL_CONVERSION = YES;
				CLANG_WARN_OBJC_IMPLICIT_RETAIN_SELF = YES;
				CLANG_WARN_OBJC_LITERAL_CONVERSION = YES;
				CLANG_WARN_OBJC_ROOT_CLASS = YES_ERROR;
				CLANG_WARN_QUOTED_INCLUDE_IN_FRAMEWORK_HEADER = YES;
				CLANG_WARN_RANGE_LOOP_ANALYSIS = YES;
				CLANG_WARN_STRICT_PROTOTYPES = YES;
				CLANG_WARN_SUSPICIOUS_MOVE = YES;
				CLANG_WARN_UNGUARDED_AVAILABILITY = YES_AGGRESSIVE;
				CLANG_WARN_UNREACHABLE_CODE = YES;
				CLANG_WARN__DUPLICATE_METHOD_MATCH = YES;
				COPY_PHASE_STRIP = NO;
				DEBUG_INFORMATION_FORMAT = dwarf;
				ENABLE_STRICT_OBJC_MSGSEND = YES;
				ENABLE_TESTABILITY = YES;
				ENABLE_USER_SCRIPT_SANDBOXING = YES;
				GCC_C_LANGUAGE_STANDARD = gnu17;
				GCC_DYNAMIC_NO_PIC = NO;
				GCC_NO_COMMON_BLOCKS = YES;
				GCC_OPTIMIZATION_LEVEL = 0;
				GCC_PREPROCESSOR_DEFINITIONS = (
					"DEBUG=1",
					"$(inherited)",
				);
				GCC_WARN_64_TO_32_BIT_CONVERSION = YES;
				GCC_WARN_ABOUT_RETURN_TYPE = YES_ERROR;
				GCC_WARN_UNDECLARED_SELECTOR = YES;
				GCC_WARN_UNINITIALIZED_AUTOS = YES_AGGRESSIVE;
				GCC_WARN_UNUSED_FUNCTION = YES;
				GCC_WARN_UNUSED_VARIABLE = YES;
				LOCALIZATION_PREFERS_STRING_CATALOGS = YES;
				MTL_ENABLE_DEBUG_INFO = INCLUDE_SOURCE;
				MTL_FAST_MATH = YES;
				ONLY_ACTIVE_ARCH = YES;
				SWIFT_ACTIVE_COMPILATION_CONDITIONS = "DEBUG $(inherited)";
				SWIFT_OPTIMIZATION_LEVEL = "-Onone";
			};
			name = Debug;
		};
		66F11B692C9DE08F00FA12B1 /* Release */ = {
			isa = XCBuildConfiguration;
			buildSettings = {
				ALWAYS_SEARCH_USER_PATHS = NO;
				ASSETCATALOG_COMPILER_GENERATE_SWIFT_ASSET_SYMBOL_EXTENSIONS = YES;
				CLANG_ANALYZER_NONNULL = YES;
				CLANG_ANALYZER_NUMBER_OBJECT_CONVERSION = YES_AGGRESSIVE;
				CLANG_CXX_LANGUAGE_STANDARD = "gnu++20";
				CLANG_ENABLE_MODULES = YES;
				CLANG_ENABLE_OBJC_ARC = YES;
				CLANG_ENABLE_OBJC_WEAK = YES;
				CLANG_WARN_BLOCK_CAPTURE_AUTORELEASING = YES;
				CLANG_WARN_BOOL_CONVERSION = YES;
				CLANG_WARN_COMMA = YES;
				CLANG_WARN_CONSTANT_CONVERSION = YES;
				CLANG_WARN_DEPRECATED_OBJC_IMPLEMENTATIONS = YES;
				CLANG_WARN_DIRECT_OBJC_ISA_USAGE = YES_ERROR;
				CLANG_WARN_DOCUMENTATION_COMMENTS = YES;
				CLANG_WARN_EMPTY_BODY = YES;
				CLANG_WARN_ENUM_CONVERSION = YES;
				CLANG_WARN_INFINITE_RECURSION = YES;
				CLANG_WARN_INT_CONVERSION = YES;
				CLANG_WARN_NON_LITERAL_NULL_CONVERSION = YES;
				CLANG_WARN_OBJC_IMPLICIT_RETAIN_SELF = YES;
				CLANG_WARN_OBJC_LITERAL_CONVERSION = YES;
				CLANG_WARN_OBJC_ROOT_CLASS = YES_ERROR;
				CLANG_WARN_QUOTED_INCLUDE_IN_FRAMEWORK_HEADER = YES;
				CLANG_WARN_RANGE_LOOP_ANALYSIS = YES;
				CLANG_WARN_STRICT_PROTOTYPES = YES;
				CLANG_WARN_SUSPICIOUS_MOVE = YES;
				CLANG_WARN_UNGUARDED_AVAILABILITY = YES_AGGRESSIVE;
				CLANG_WARN_UNREACHABLE_CODE = YES;
				CLANG_WARN__DUPLICATE_METHOD_MATCH = YES;
				COPY_PHASE_STRIP = NO;
				DEBUG_INFORMATION_FORMAT = "dwarf-with-dsym";
				ENABLE_NS_ASSERTIONS = NO;
				ENABLE_STRICT_OBJC_MSGSEND = YES;
				ENABLE_USER_SCRIPT_SANDBOXING = YES;
				GCC_C_LANGUAGE_STANDARD = gnu17;
				GCC_NO_COMMON_BLOCKS = YES;
				GCC_WARN_64_TO_32_BIT_CONVERSION = YES;
				GCC_WARN_ABOUT_RETURN_TYPE = YES_ERROR;
				GCC_WARN_UNDECLARED_SELECTOR = YES;
				GCC_WARN_UNINITIALIZED_AUTOS = YES_AGGRESSIVE;
				GCC_WARN_UNUSED_FUNCTION = YES;
				GCC_WARN_UNUSED_VARIABLE = YES;
				LOCALIZATION_PREFERS_STRING_CATALOGS = YES;
				MTL_ENABLE_DEBUG_INFO = NO;
				MTL_FAST_MATH = YES;
				SWIFT_COMPILATION_MODE = wholemodule;
			};
			name = Release;
		};
		66F11B6B2C9DE08F00FA12B1 /* Debug */ = {
			isa = XCBuildConfiguration;
			buildSettings = {
				ASSETCATALOG_COMPILER_APPICON_NAME = AppIcon;
				ASSETCATALOG_COMPILER_GLOBAL_ACCENT_COLOR_NAME = AccentColor;
				CODE_SIGN_ENTITLEMENTS = imc/imc.entitlements;
				CODE_SIGN_STYLE = Automatic;
				CURRENT_PROJECT_VERSION = 1;
				DEVELOPMENT_ASSET_PATHS = "\"imc/Preview Content\"";
				ENABLE_PREVIEWS = YES;
				GENERATE_INFOPLIST_FILE = YES;
				"INFOPLIST_KEY_UIApplicationSceneManifest_Generation[sdk=iphoneos*]" = YES;
				"INFOPLIST_KEY_UIApplicationSceneManifest_Generation[sdk=iphonesimulator*]" = YES;
				"INFOPLIST_KEY_UIApplicationSupportsIndirectInputEvents[sdk=iphoneos*]" = YES;
				"INFOPLIST_KEY_UIApplicationSupportsIndirectInputEvents[sdk=iphonesimulator*]" = YES;
				"INFOPLIST_KEY_UILaunchScreen_Generation[sdk=iphoneos*]" = YES;
				"INFOPLIST_KEY_UILaunchScreen_Generation[sdk=iphonesimulator*]" = YES;
				"INFOPLIST_KEY_UIStatusBarStyle[sdk=iphoneos*]" = UIStatusBarStyleDefault;
				"INFOPLIST_KEY_UIStatusBarStyle[sdk=iphonesimulator*]" = UIStatusBarStyleDefault;
				INFOPLIST_KEY_UISupportedInterfaceOrientations_iPad = "UIInterfaceOrientationPortrait UIInterfaceOrientationPortraitUpsideDown UIInterfaceOrientationLandscapeLeft UIInterfaceOrientationLandscapeRight";
				INFOPLIST_KEY_UISupportedInterfaceOrientations_iPhone = "UIInterfaceOrientationPortrait UIInterfaceOrientationLandscapeLeft UIInterfaceOrientationLandscapeRight";
				IPHONEOS_DEPLOYMENT_TARGET = 17.5;
				LD_RUNPATH_SEARCH_PATHS = "@executable_path/Frameworks";
				"LD_RUNPATH_SEARCH_PATHS[sdk=macosx*]" = "@executable_path/../Frameworks";
				MACOSX_DEPLOYMENT_TARGET = 14.5;
				MARKETING_VERSION = 1.0;
				PRODUCT_BUNDLE_IDENTIFIER = dracker.imc;
				PRODUCT_NAME = "$(TARGET_NAME)";
				SDKROOT = auto;
				SUPPORTED_PLATFORMS = "iphoneos iphonesimulator macosx";
				SWIFT_EMIT_LOC_STRINGS = YES;
				SWIFT_VERSION = 5.0;
				TARGETED_DEVICE_FAMILY = "1,2";
			};
			name = Debug;
		};
		66F11B6C2C9DE08F00FA12B1 /* Release */ = {
			isa = XCBuildConfiguration;
			buildSettings = {
				ASSETCATALOG_COMPILER_APPICON_NAME = AppIcon;
				ASSETCATALOG_COMPILER_GLOBAL_ACCENT_COLOR_NAME = AccentColor;
				CODE_SIGN_ENTITLEMENTS = imc/imc.entitlements;
				CODE_SIGN_STYLE = Automatic;
				CURRENT_PROJECT_VERSION = 1;
				DEVELOPMENT_ASSET_PATHS = "\"imc/Preview Content\"";
				ENABLE_PREVIEWS = YES;
				GENERATE_INFOPLIST_FILE = YES;
				"INFOPLIST_KEY_UIApplicationSceneManifest_Generation[sdk=iphoneos*]" = YES;
				"INFOPLIST_KEY_UIApplicationSceneManifest_Generation[sdk=iphonesimulator*]" = YES;
				"INFOPLIST_KEY_UIApplicationSupportsIndirectInputEvents[sdk=iphoneos*]" = YES;
				"INFOPLIST_KEY_UIApplicationSupportsIndirectInputEvents[sdk=iphonesimulator*]" = YES;
				"INFOPLIST_KEY_UILaunchScreen_Generation[sdk=iphoneos*]" = YES;
				"INFOPLIST_KEY_UILaunchScreen_Generation[sdk=iphonesimulator*]" = YES;
				"INFOPLIST_KEY_UIStatusBarStyle[sdk=iphoneos*]" = UIStatusBarStyleDefault;
				"INFOPLIST_KEY_UIStatusBarStyle[sdk=iphonesimulator*]" = UIStatusBarStyleDefault;
				INFOPLIST_KEY_UISupportedInterfaceOrientations_iPad = "UIInterfaceOrientationPortrait UIInterfaceOrientationPortraitUpsideDown UIInterfaceOrientationLandscapeLeft UIInterfaceOrientationLandscapeRight";
				INFOPLIST_KEY_UISupportedInterfaceOrientations_iPhone = "UIInterfaceOrientationPortrait UIInterfaceOrientationLandscapeLeft UIInterfaceOrientationLandscapeRight";
				IPHONEOS_DEPLOYMENT_TARGET = 17.5;
				LD_RUNPATH_SEARCH_PATHS = "@executable_path/Frameworks";
				"LD_RUNPATH_SEARCH_PATHS[sdk=macosx*]" = "@executable_path/../Frameworks";
				MACOSX_DEPLOYMENT_TARGET = 14.5;
				MARKETING_VERSION = 1.0;
				PRODUCT_BUNDLE_IDENTIFIER = dracker.imc;
				PRODUCT_NAME = "$(TARGET_NAME)";
				SDKROOT = auto;
				SUPPORTED_PLATFORMS = "iphoneos iphonesimulator macosx";
				SWIFT_EMIT_LOC_STRINGS = YES;
				SWIFT_VERSION = 5.0;
				TARGETED_DEVICE_FAMILY = "1,2";
			};
			name = Release;
		};
		66F11B6E2C9DE08F00FA12B1 /* Debug */ = {
			isa = XCBuildConfiguration;
			buildSettings = {
				ALWAYS_EMBED_SWIFT_STANDARD_LIBRARIES = YES;
				BUNDLE_LOADER = "$(TEST_HOST)";
				CODE_SIGN_STYLE = Automatic;
				CURRENT_PROJECT_VERSION = 1;
				GENERATE_INFOPLIST_FILE = YES;
				IPHONEOS_DEPLOYMENT_TARGET = 17.5;
				MACOSX_DEPLOYMENT_TARGET = 14.5;
				MARKETING_VERSION = 1.0;
				PRODUCT_BUNDLE_IDENTIFIER = dracker.imcTests;
				PRODUCT_NAME = "$(TARGET_NAME)";
				SDKROOT = auto;
				SUPPORTED_PLATFORMS = "iphoneos iphonesimulator macosx";
				SWIFT_EMIT_LOC_STRINGS = NO;
				SWIFT_VERSION = 5.0;
				TARGETED_DEVICE_FAMILY = "1,2";
				TEST_HOST = "$(BUILT_PRODUCTS_DIR)/imc.app/$(BUNDLE_EXECUTABLE_FOLDER_PATH)/imc";
			};
			name = Debug;
		};
		66F11B6F2C9DE08F00FA12B1 /* Release */ = {
			isa = XCBuildConfiguration;
			buildSettings = {
				ALWAYS_EMBED_SWIFT_STANDARD_LIBRARIES = YES;
				BUNDLE_LOADER = "$(TEST_HOST)";
				CODE_SIGN_STYLE = Automatic;
				CURRENT_PROJECT_VERSION = 1;
				GENERATE_INFOPLIST_FILE = YES;
				IPHONEOS_DEPLOYMENT_TARGET = 17.5;
				MACOSX_DEPLOYMENT_TARGET = 14.5;
				MARKETING_VERSION = 1.0;
				PRODUCT_BUNDLE_IDENTIFIER = dracker.imcTests;
				PRODUCT_NAME = "$(TARGET_NAME)";
				SDKROOT = auto;
				SUPPORTED_PLATFORMS = "iphoneos iphonesimulator macosx";
				SWIFT_EMIT_LOC_STRINGS = NO;
				SWIFT_VERSION = 5.0;
				TARGETED_DEVICE_FAMILY = "1,2";
				TEST_HOST = "$(BUILT_PRODUCTS_DIR)/imc.app/$(BUNDLE_EXECUTABLE_FOLDER_PATH)/imc";
			};
			name = Release;
		};
		66F11B712C9DE08F00FA12B1 /* Debug */ = {
			isa = XCBuildConfiguration;
			buildSettings = {
				ALWAYS_EMBED_SWIFT_STANDARD_LIBRARIES = YES;
				CODE_SIGN_STYLE = Automatic;
				CURRENT_PROJECT_VERSION = 1;
				GENERATE_INFOPLIST_FILE = YES;
				IPHONEOS_DEPLOYMENT_TARGET = 17.5;
				MACOSX_DEPLOYMENT_TARGET = 14.5;
				MARKETING_VERSION = 1.0;
				PRODUCT_BUNDLE_IDENTIFIER = dracker.imcUITests;
				PRODUCT_NAME = "$(TARGET_NAME)";
				SDKROOT = auto;
				SUPPORTED_PLATFORMS = "iphoneos iphonesimulator macosx";
				SWIFT_EMIT_LOC_STRINGS = NO;
				SWIFT_VERSION = 5.0;
				TARGETED_DEVICE_FAMILY = "1,2";
				TEST_TARGET_NAME = imc;
			};
			name = Debug;
		};
		66F11B722C9DE08F00FA12B1 /* Release */ = {
			isa = XCBuildConfiguration;
			buildSettings = {
				ALWAYS_EMBED_SWIFT_STANDARD_LIBRARIES = YES;
				CODE_SIGN_STYLE = Automatic;
				CURRENT_PROJECT_VERSION = 1;
				GENERATE_INFOPLIST_FILE = YES;
				IPHONEOS_DEPLOYMENT_TARGET = 17.5;
				MACOSX_DEPLOYMENT_TARGET = 14.5;
				MARKETING_VERSION = 1.0;
				PRODUCT_BUNDLE_IDENTIFIER = dracker.imcUITests;
				PRODUCT_NAME = "$(TARGET_NAME)";
				SDKROOT = auto;
				SUPPORTED_PLATFORMS = "iphoneos iphonesimulator macosx";
				SWIFT_EMIT_LOC_STRINGS = NO;
				SWIFT_VERSION = 5.0;
				TARGETED_DEVICE_FAMILY = "1,2";
				TEST_TARGET_NAME = imc;
			};
			name = Release;
		};
/* End XCBuildConfiguration section */

/* Begin XCConfigurationList section */
		66F11B402C9DE08D00FA12B1 /* Build configuration list for PBXProject "imc" */ = {
			isa = XCConfigurationList;
			buildConfigurations = (
				66F11B682C9DE08F00FA12B1 /* Debug */,
				66F11B692C9DE08F00FA12B1 /* Release */,
			);
			defaultConfigurationIsVisible = 0;
			defaultConfigurationName = Release;
		};
		66F11B6A2C9DE08F00FA12B1 /* Build configuration list for PBXNativeTarget "imc" */ = {
			isa = XCConfigurationList;
			buildConfigurations = (
				66F11B6B2C9DE08F00FA12B1 /* Debug */,
				66F11B6C2C9DE08F00FA12B1 /* Release */,
			);
			defaultConfigurationIsVisible = 0;
			defaultConfigurationName = Release;
		};
		66F11B6D2C9DE08F00FA12B1 /* Build configuration list for PBXNativeTarget "imcTests" */ = {
			isa = XCConfigurationList;
			buildConfigurations = (
				66F11B6E2C9DE08F00FA12B1 /* Debug */,
				66F11B6F2C9DE08F00FA12B1 /* Release */,
			);
			defaultConfigurationIsVisible = 0;
			defaultConfigurationName = Release;
		};
		66F11B702C9DE08F00FA12B1 /* Build configuration list for PBXNativeTarget "imcUITests" */ = {
			isa = XCConfigurationList;
			buildConfigurations = (
				66F11B712C9DE08F00FA12B1 /* Debug */,
				66F11B722C9DE08F00FA12B1 /* Release */,
			);
			defaultConfigurationIsVisible = 0;
			defaultConfigurationName = Release;
		};
/* End XCConfigurationList section */
	};
	rootObject = 66F11B3D2C9DE08D00FA12B1 /* Project object */;
}
