// !$*UTF8*$!
{
	archiveVersion = 1;
	classes = {
	};
	objectVersion = 56;
	objects = {

/* Begin PBXBuildFile section */
		662C5AB32CA71DA200DA52BF /* teste_apiApp.swift in Sources */ = {isa = PBXBuildFile; fileRef = 662C5AB22CA71DA200DA52BF /* teste_apiApp.swift */; };
		662C5AB52CA71DA200DA52BF /* ContentView.swift in Sources */ = {isa = PBXBuildFile; fileRef = 662C5AB42CA71DA200DA52BF /* ContentView.swift */; };
		662C5AB72CA71DA400DA52BF /* Assets.xcassets in Resources */ = {isa = PBXBuildFile; fileRef = 662C5AB62CA71DA400DA52BF /* Assets.xcassets */; };
		662C5ABB2CA71DA400DA52BF /* Preview Assets.xcassets in Resources */ = {isa = PBXBuildFile; fileRef = 662C5ABA2CA71DA400DA52BF /* Preview Assets.xcassets */; };
		662C5AC52CA71DA400DA52BF /* teste_apiTests.swift in Sources */ = {isa = PBXBuildFile; fileRef = 662C5AC42CA71DA400DA52BF /* teste_apiTests.swift */; };
		662C5ACF2CA71DA400DA52BF /* teste_apiUITests.swift in Sources */ = {isa = PBXBuildFile; fileRef = 662C5ACE2CA71DA400DA52BF /* teste_apiUITests.swift */; };
		662C5AD12CA71DA400DA52BF /* teste_apiUITestsLaunchTests.swift in Sources */ = {isa = PBXBuildFile; fileRef = 662C5AD02CA71DA400DA52BF /* teste_apiUITestsLaunchTests.swift */; };
		662C5ADE2CA71ECC00DA52BF /* ViewModel.swift in Sources */ = {isa = PBXBuildFile; fileRef = 662C5ADD2CA71ECC00DA52BF /* ViewModel.swift */; };
		662C5AE02CA7200E00DA52BF /* CharView.swift in Sources */ = {isa = PBXBuildFile; fileRef = 662C5ADF2CA7200E00DA52BF /* CharView.swift */; };
		662C5AE22CA7201500DA52BF /* Model.swift in Sources */ = {isa = PBXBuildFile; fileRef = 662C5AE12CA7201500DA52BF /* Model.swift */; };
/* End PBXBuildFile section */

/* Begin PBXContainerItemProxy section */
		662C5AC12CA71DA400DA52BF /* PBXContainerItemProxy */ = {
			isa = PBXContainerItemProxy;
			containerPortal = 662C5AA72CA71DA200DA52BF /* Project object */;
			proxyType = 1;
			remoteGlobalIDString = 662C5AAE2CA71DA200DA52BF;
			remoteInfo = "teste-api";
		};
		662C5ACB2CA71DA400DA52BF /* PBXContainerItemProxy */ = {
			isa = PBXContainerItemProxy;
			containerPortal = 662C5AA72CA71DA200DA52BF /* Project object */;
			proxyType = 1;
			remoteGlobalIDString = 662C5AAE2CA71DA200DA52BF;
			remoteInfo = "teste-api";
		};
/* End PBXContainerItemProxy section */

/* Begin PBXFileReference section */
		662C5AAF2CA71DA200DA52BF /* teste-api.app */ = {isa = PBXFileReference; explicitFileType = wrapper.application; includeInIndex = 0; path = "teste-api.app"; sourceTree = BUILT_PRODUCTS_DIR; };
		662C5AB22CA71DA200DA52BF /* teste_apiApp.swift */ = {isa = PBXFileReference; lastKnownFileType = sourcecode.swift; path = teste_apiApp.swift; sourceTree = "<group>"; };
		662C5AB42CA71DA200DA52BF /* ContentView.swift */ = {isa = PBXFileReference; lastKnownFileType = sourcecode.swift; path = ContentView.swift; sourceTree = "<group>"; };
		662C5AB62CA71DA400DA52BF /* Assets.xcassets */ = {isa = PBXFileReference; lastKnownFileType = folder.assetcatalog; path = Assets.xcassets; sourceTree = "<group>"; };
		662C5AB82CA71DA400DA52BF /* teste_api.entitlements */ = {isa = PBXFileReference; lastKnownFileType = text.plist.entitlements; path = teste_api.entitlements; sourceTree = "<group>"; };
		662C5ABA2CA71DA400DA52BF /* Preview Assets.xcassets */ = {isa = PBXFileReference; lastKnownFileType = folder.assetcatalog; path = "Preview Assets.xcassets"; sourceTree = "<group>"; };
		662C5AC02CA71DA400DA52BF /* teste-apiTests.xctest */ = {isa = PBXFileReference; explicitFileType = wrapper.cfbundle; includeInIndex = 0; path = "teste-apiTests.xctest"; sourceTree = BUILT_PRODUCTS_DIR; };
		662C5AC42CA71DA400DA52BF /* teste_apiTests.swift */ = {isa = PBXFileReference; lastKnownFileType = sourcecode.swift; path = teste_apiTests.swift; sourceTree = "<group>"; };
		662C5ACA2CA71DA400DA52BF /* teste-apiUITests.xctest */ = {isa = PBXFileReference; explicitFileType = wrapper.cfbundle; includeInIndex = 0; path = "teste-apiUITests.xctest"; sourceTree = BUILT_PRODUCTS_DIR; };
		662C5ACE2CA71DA400DA52BF /* teste_apiUITests.swift */ = {isa = PBXFileReference; lastKnownFileType = sourcecode.swift; path = teste_apiUITests.swift; sourceTree = "<group>"; };
		662C5AD02CA71DA400DA52BF /* teste_apiUITestsLaunchTests.swift */ = {isa = PBXFileReference; lastKnownFileType = sourcecode.swift; path = teste_apiUITestsLaunchTests.swift; sourceTree = "<group>"; };
		662C5ADD2CA71ECC00DA52BF /* ViewModel.swift */ = {isa = PBXFileReference; lastKnownFileType = sourcecode.swift; path = ViewModel.swift; sourceTree = "<group>"; };
		662C5ADF2CA7200E00DA52BF /* CharView.swift */ = {isa = PBXFileReference; lastKnownFileType = sourcecode.swift; path = CharView.swift; sourceTree = "<group>"; };
		662C5AE12CA7201500DA52BF /* Model.swift */ = {isa = PBXFileReference; lastKnownFileType = sourcecode.swift; path = Model.swift; sourceTree = "<group>"; };
/* End PBXFileReference section */

/* Begin PBXFrameworksBuildPhase section */
		662C5AAC2CA71DA200DA52BF /* Frameworks */ = {
			isa = PBXFrameworksBuildPhase;
			buildActionMask = 2147483647;
			files = (
			);
			runOnlyForDeploymentPostprocessing = 0;
		};
		662C5ABD2CA71DA400DA52BF /* Frameworks */ = {
			isa = PBXFrameworksBuildPhase;
			buildActionMask = 2147483647;
			files = (
			);
			runOnlyForDeploymentPostprocessing = 0;
		};
		662C5AC72CA71DA400DA52BF /* Frameworks */ = {
			isa = PBXFrameworksBuildPhase;
			buildActionMask = 2147483647;
			files = (
			);
			runOnlyForDeploymentPostprocessing = 0;
		};
/* End PBXFrameworksBuildPhase section */

/* Begin PBXGroup section */
		662C5AA62CA71DA200DA52BF = {
			isa = PBXGroup;
			children = (
				662C5AB12CA71DA200DA52BF /* teste-api */,
				662C5AC32CA71DA400DA52BF /* teste-apiTests */,
				662C5ACD2CA71DA400DA52BF /* teste-apiUITests */,
				662C5AB02CA71DA200DA52BF /* Products */,
			);
			sourceTree = "<group>";
		};
		662C5AB02CA71DA200DA52BF /* Products */ = {
			isa = PBXGroup;
			children = (
				662C5AAF2CA71DA200DA52BF /* teste-api.app */,
				662C5AC02CA71DA400DA52BF /* teste-apiTests.xctest */,
				662C5ACA2CA71DA400DA52BF /* teste-apiUITests.xctest */,
			);
			name = Products;
			sourceTree = "<group>";
		};
		662C5AB12CA71DA200DA52BF /* teste-api */ = {
			isa = PBXGroup;
			children = (
				662C5AB22CA71DA200DA52BF /* teste_apiApp.swift */,
				662C5AB42CA71DA200DA52BF /* ContentView.swift */,
				662C5AB62CA71DA400DA52BF /* Assets.xcassets */,
				662C5AB82CA71DA400DA52BF /* teste_api.entitlements */,
				662C5AB92CA71DA400DA52BF /* Preview Content */,
				662C5ADD2CA71ECC00DA52BF /* ViewModel.swift */,
				662C5ADF2CA7200E00DA52BF /* CharView.swift */,
				662C5AE12CA7201500DA52BF /* Model.swift */,
			);
			path = "teste-api";
			sourceTree = "<group>";
		};
		662C5AB92CA71DA400DA52BF /* Preview Content */ = {
			isa = PBXGroup;
			children = (
				662C5ABA2CA71DA400DA52BF /* Preview Assets.xcassets */,
			);
			path = "Preview Content";
			sourceTree = "<group>";
		};
		662C5AC32CA71DA400DA52BF /* teste-apiTests */ = {
			isa = PBXGroup;
			children = (
				662C5AC42CA71DA400DA52BF /* teste_apiTests.swift */,
			);
			path = "teste-apiTests";
			sourceTree = "<group>";
		};
		662C5ACD2CA71DA400DA52BF /* teste-apiUITests */ = {
			isa = PBXGroup;
			children = (
				662C5ACE2CA71DA400DA52BF /* teste_apiUITests.swift */,
				662C5AD02CA71DA400DA52BF /* teste_apiUITestsLaunchTests.swift */,
			);
			path = "teste-apiUITests";
			sourceTree = "<group>";
		};
/* End PBXGroup section */

/* Begin PBXNativeTarget section */
		662C5AAE2CA71DA200DA52BF /* teste-api */ = {
			isa = PBXNativeTarget;
			buildConfigurationList = 662C5AD42CA71DA400DA52BF /* Build configuration list for PBXNativeTarget "teste-api" */;
			buildPhases = (
				662C5AAB2CA71DA200DA52BF /* Sources */,
				662C5AAC2CA71DA200DA52BF /* Frameworks */,
				662C5AAD2CA71DA200DA52BF /* Resources */,
			);
			buildRules = (
			);
			dependencies = (
			);
			name = "teste-api";
			productName = "teste-api";
			productReference = 662C5AAF2CA71DA200DA52BF /* teste-api.app */;
			productType = "com.apple.product-type.application";
		};
		662C5ABF2CA71DA400DA52BF /* teste-apiTests */ = {
			isa = PBXNativeTarget;
			buildConfigurationList = 662C5AD72CA71DA400DA52BF /* Build configuration list for PBXNativeTarget "teste-apiTests" */;
			buildPhases = (
				662C5ABC2CA71DA400DA52BF /* Sources */,
				662C5ABD2CA71DA400DA52BF /* Frameworks */,
				662C5ABE2CA71DA400DA52BF /* Resources */,
			);
			buildRules = (
			);
			dependencies = (
				662C5AC22CA71DA400DA52BF /* PBXTargetDependency */,
			);
			name = "teste-apiTests";
			productName = "teste-apiTests";
			productReference = 662C5AC02CA71DA400DA52BF /* teste-apiTests.xctest */;
			productType = "com.apple.product-type.bundle.unit-test";
		};
		662C5AC92CA71DA400DA52BF /* teste-apiUITests */ = {
			isa = PBXNativeTarget;
			buildConfigurationList = 662C5ADA2CA71DA400DA52BF /* Build configuration list for PBXNativeTarget "teste-apiUITests" */;
			buildPhases = (
				662C5AC62CA71DA400DA52BF /* Sources */,
				662C5AC72CA71DA400DA52BF /* Frameworks */,
				662C5AC82CA71DA400DA52BF /* Resources */,
			);
			buildRules = (
			);
			dependencies = (
				662C5ACC2CA71DA400DA52BF /* PBXTargetDependency */,
			);
			name = "teste-apiUITests";
			productName = "teste-apiUITests";
			productReference = 662C5ACA2CA71DA400DA52BF /* teste-apiUITests.xctest */;
			productType = "com.apple.product-type.bundle.ui-testing";
		};
/* End PBXNativeTarget section */

/* Begin PBXProject section */
		662C5AA72CA71DA200DA52BF /* Project object */ = {
			isa = PBXProject;
			attributes = {
				BuildIndependentTargetsInParallel = 1;
				LastSwiftUpdateCheck = 1540;
				LastUpgradeCheck = 1540;
				TargetAttributes = {
					662C5AAE2CA71DA200DA52BF = {
						CreatedOnToolsVersion = 15.4;
					};
					662C5ABF2CA71DA400DA52BF = {
						CreatedOnToolsVersion = 15.4;
						TestTargetID = 662C5AAE2CA71DA200DA52BF;
					};
					662C5AC92CA71DA400DA52BF = {
						CreatedOnToolsVersion = 15.4;
						TestTargetID = 662C5AAE2CA71DA200DA52BF;
					};
				};
			};
			buildConfigurationList = 662C5AAA2CA71DA200DA52BF /* Build configuration list for PBXProject "teste-api" */;
			compatibilityVersion = "Xcode 14.0";
			developmentRegion = en;
			hasScannedForEncodings = 0;
			knownRegions = (
				en,
				Base,
			);
			mainGroup = 662C5AA62CA71DA200DA52BF;
			productRefGroup = 662C5AB02CA71DA200DA52BF /* Products */;
			projectDirPath = "";
			projectRoot = "";
			targets = (
				662C5AAE2CA71DA200DA52BF /* teste-api */,
				662C5ABF2CA71DA400DA52BF /* teste-apiTests */,
				662C5AC92CA71DA400DA52BF /* teste-apiUITests */,
			);
		};
/* End PBXProject section */

/* Begin PBXResourcesBuildPhase section */
		662C5AAD2CA71DA200DA52BF /* Resources */ = {
			isa = PBXResourcesBuildPhase;
			buildActionMask = 2147483647;
			files = (
				662C5ABB2CA71DA400DA52BF /* Preview Assets.xcassets in Resources */,
				662C5AB72CA71DA400DA52BF /* Assets.xcassets in Resources */,
			);
			runOnlyForDeploymentPostprocessing = 0;
		};
		662C5ABE2CA71DA400DA52BF /* Resources */ = {
			isa = PBXResourcesBuildPhase;
			buildActionMask = 2147483647;
			files = (
			);
			runOnlyForDeploymentPostprocessing = 0;
		};
		662C5AC82CA71DA400DA52BF /* Resources */ = {
			isa = PBXResourcesBuildPhase;
			buildActionMask = 2147483647;
			files = (
			);
			runOnlyForDeploymentPostprocessing = 0;
		};
/* End PBXResourcesBuildPhase section */

/* Begin PBXSourcesBuildPhase section */
		662C5AAB2CA71DA200DA52BF /* Sources */ = {
			isa = PBXSourcesBuildPhase;
			buildActionMask = 2147483647;
			files = (
				662C5AE22CA7201500DA52BF /* Model.swift in Sources */,
				662C5AB52CA71DA200DA52BF /* ContentView.swift in Sources */,
				662C5ADE2CA71ECC00DA52BF /* ViewModel.swift in Sources */,
				662C5AE02CA7200E00DA52BF /* CharView.swift in Sources */,
				662C5AB32CA71DA200DA52BF /* teste_apiApp.swift in Sources */,
			);
			runOnlyForDeploymentPostprocessing = 0;
		};
		662C5ABC2CA71DA400DA52BF /* Sources */ = {
			isa = PBXSourcesBuildPhase;
			buildActionMask = 2147483647;
			files = (
				662C5AC52CA71DA400DA52BF /* teste_apiTests.swift in Sources */,
			);
			runOnlyForDeploymentPostprocessing = 0;
		};
		662C5AC62CA71DA400DA52BF /* Sources */ = {
			isa = PBXSourcesBuildPhase;
			buildActionMask = 2147483647;
			files = (
				662C5ACF2CA71DA400DA52BF /* teste_apiUITests.swift in Sources */,
				662C5AD12CA71DA400DA52BF /* teste_apiUITestsLaunchTests.swift in Sources */,
			);
			runOnlyForDeploymentPostprocessing = 0;
		};
/* End PBXSourcesBuildPhase section */

/* Begin PBXTargetDependency section */
		662C5AC22CA71DA400DA52BF /* PBXTargetDependency */ = {
			isa = PBXTargetDependency;
			target = 662C5AAE2CA71DA200DA52BF /* teste-api */;
			targetProxy = 662C5AC12CA71DA400DA52BF /* PBXContainerItemProxy */;
		};
		662C5ACC2CA71DA400DA52BF /* PBXTargetDependency */ = {
			isa = PBXTargetDependency;
			target = 662C5AAE2CA71DA200DA52BF /* teste-api */;
			targetProxy = 662C5ACB2CA71DA400DA52BF /* PBXContainerItemProxy */;
		};
/* End PBXTargetDependency section */

/* Begin XCBuildConfiguration section */
		662C5AD22CA71DA400DA52BF /* Debug */ = {
			isa = XCBuildConfiguration;
			buildSettings = {
				ALWAYS_SEARCH_USER_PATHS = NO;
				ASSETCATALOG_COMPILER_GENERATE_SWIFT_ASSET_SYMBOL_EXTENSIONS = YES;
				CLANG_ANALYZER_NONNULL = YES;
				CLANG_ANALYZER_NUMBER_OBJECT_CONVERSION = YES_AGGRESSIVE;
				CLANG_CXX_LANGUAGE_STANDARD = "gnu++20";
				CLANG_ENABLE_MODULES = YES;
				CLANG_ENABLE_OBJC_ARC = YES;
				CLANG_ENABLE_OBJC_WEAK = YES;
				CLANG_WARN_BLOCK_CAPTURE_AUTORELEASING = YES;
				CLANG_WARN_BOOL_CONVERSION = YES;
				CLANG_WARN_COMMA = YES;
				CLANG_WARN_CONSTANT_CONVERSION = YES;
				CLANG_WARN_DEPRECATED_OBJC_IMPLEMENTATIONS = YES;
				CLANG_WARN_DIRECT_OBJC_ISA_USAGE = YES_ERROR;
				CLANG_WARN_DOCUMENTATION_COMMENTS = YES;
				CLANG_WARN_EMPTY_BODY = YES;
				CLANG_WARN_ENUM_CONVERSION = YES;
				CLANG_WARN_INFINITE_RECURSION = YES;
				CLANG_WARN_INT_CONVERSION = YES;
				CLANG_WARN_NON_LITERAL_NULL_CONVERSION = YES;
				CLANG_WARN_OBJC_IMPLICIT_RETAIN_SELF = YES;
				CLANG_WARN_OBJC_LITERAL_CONVERSION = YES;
				CLANG_WARN_OBJC_ROOT_CLASS = YES_ERROR;
				CLANG_WARN_QUOTED_INCLUDE_IN_FRAMEWORK_HEADER = YES;
				CLANG_WARN_RANGE_LOOP_ANALYSIS = YES;
				CLANG_WARN_STRICT_PROTOTYPES = YES;
				CLANG_WARN_SUSPICIOUS_MOVE = YES;
				CLANG_WARN_UNGUARDED_AVAILABILITY = YES_AGGRESSIVE;
				CLANG_WARN_UNREACHABLE_CODE = YES;
				CLANG_WARN__DUPLICATE_METHOD_MATCH = YES;
				COPY_PHASE_STRIP = NO;
				DEBUG_INFORMATION_FORMAT = dwarf;
				ENABLE_STRICT_OBJC_MSGSEND = YES;
				ENABLE_TESTABILITY = YES;
				ENABLE_USER_SCRIPT_SANDBOXING = YES;
				GCC_C_LANGUAGE_STANDARD = gnu17;
				GCC_DYNAMIC_NO_PIC = NO;
				GCC_NO_COMMON_BLOCKS = YES;
				GCC_OPTIMIZATION_LEVEL = 0;
				GCC_PREPROCESSOR_DEFINITIONS = (
					"DEBUG=1",
					"$(inherited)",
				);
				GCC_WARN_64_TO_32_BIT_CONVERSION = YES;
				GCC_WARN_ABOUT_RETURN_TYPE = YES_ERROR;
				GCC_WARN_UNDECLARED_SELECTOR = YES;
				GCC_WARN_UNINITIALIZED_AUTOS = YES_AGGRESSIVE;
				GCC_WARN_UNUSED_FUNCTION = YES;
				GCC_WARN_UNUSED_VARIABLE = YES;
				LOCALIZATION_PREFERS_STRING_CATALOGS = YES;
				MTL_ENABLE_DEBUG_INFO = INCLUDE_SOURCE;
				MTL_FAST_MATH = YES;
				ONLY_ACTIVE_ARCH = YES;
				SWIFT_ACTIVE_COMPILATION_CONDITIONS = "DEBUG $(inherited)";
				SWIFT_OPTIMIZATION_LEVEL = "-Onone";
			};
			name = Debug;
		};
		662C5AD32CA71DA400DA52BF /* Release */ = {
			isa = XCBuildConfiguration;
			buildSettings = {
				ALWAYS_SEARCH_USER_PATHS = NO;
				ASSETCATALOG_COMPILER_GENERATE_SWIFT_ASSET_SYMBOL_EXTENSIONS = YES;
				CLANG_ANALYZER_NONNULL = YES;
				CLANG_ANALYZER_NUMBER_OBJECT_CONVERSION = YES_AGGRESSIVE;
				CLANG_CXX_LANGUAGE_STANDARD = "gnu++20";
				CLANG_ENABLE_MODULES = YES;
				CLANG_ENABLE_OBJC_ARC = YES;
				CLANG_ENABLE_OBJC_WEAK = YES;
				CLANG_WARN_BLOCK_CAPTURE_AUTORELEASING = YES;
				CLANG_WARN_BOOL_CONVERSION = YES;
				CLANG_WARN_COMMA = YES;
				CLANG_WARN_CONSTANT_CONVERSION = YES;
				CLANG_WARN_DEPRECATED_OBJC_IMPLEMENTATIONS = YES;
				CLANG_WARN_DIRECT_OBJC_ISA_USAGE = YES_ERROR;
				CLANG_WARN_DOCUMENTATION_COMMENTS = YES;
				CLANG_WARN_EMPTY_BODY = YES;
				CLANG_WARN_ENUM_CONVERSION = YES;
				CLANG_WARN_INFINITE_RECURSION = YES;
				CLANG_WARN_INT_CONVERSION = YES;
				CLANG_WARN_NON_LITERAL_NULL_CONVERSION = YES;
				CLANG_WARN_OBJC_IMPLICIT_RETAIN_SELF = YES;
				CLANG_WARN_OBJC_LITERAL_CONVERSION = YES;
				CLANG_WARN_OBJC_ROOT_CLASS = YES_ERROR;
				CLANG_WARN_QUOTED_INCLUDE_IN_FRAMEWORK_HEADER = YES;
				CLANG_WARN_RANGE_LOOP_ANALYSIS = YES;
				CLANG_WARN_STRICT_PROTOTYPES = YES;
				CLANG_WARN_SUSPICIOUS_MOVE = YES;
				CLANG_WARN_UNGUARDED_AVAILABILITY = YES_AGGRESSIVE;
				CLANG_WARN_UNREACHABLE_CODE = YES;
				CLANG_WARN__DUPLICATE_METHOD_MATCH = YES;
				COPY_PHASE_STRIP = NO;
				DEBUG_INFORMATION_FORMAT = "dwarf-with-dsym";
				ENABLE_NS_ASSERTIONS = NO;
				ENABLE_STRICT_OBJC_MSGSEND = YES;
				ENABLE_USER_SCRIPT_SANDBOXING = YES;
				GCC_C_LANGUAGE_STANDARD = gnu17;
				GCC_NO_COMMON_BLOCKS = YES;
				GCC_WARN_64_TO_32_BIT_CONVERSION = YES;
				GCC_WARN_ABOUT_RETURN_TYPE = YES_ERROR;
				GCC_WARN_UNDECLARED_SELECTOR = YES;
				GCC_WARN_UNINITIALIZED_AUTOS = YES_AGGRESSIVE;
				GCC_WARN_UNUSED_FUNCTION = YES;
				GCC_WARN_UNUSED_VARIABLE = YES;
				LOCALIZATION_PREFERS_STRING_CATALOGS = YES;
				MTL_ENABLE_DEBUG_INFO = NO;
				MTL_FAST_MATH = YES;
				SWIFT_COMPILATION_MODE = wholemodule;
			};
			name = Release;
		};
		662C5AD52CA71DA400DA52BF /* Debug */ = {
			isa = XCBuildConfiguration;
			buildSettings = {
				ASSETCATALOG_COMPILER_APPICON_NAME = AppIcon;
				ASSETCATALOG_COMPILER_GLOBAL_ACCENT_COLOR_NAME = AccentColor;
				CODE_SIGN_ENTITLEMENTS = "teste-api/teste_api.entitlements";
				CODE_SIGN_STYLE = Automatic;
				CURRENT_PROJECT_VERSION = 1;
				DEVELOPMENT_ASSET_PATHS = "\"teste-api/Preview Content\"";
				ENABLE_PREVIEWS = YES;
				GENERATE_INFOPLIST_FILE = YES;
				"INFOPLIST_KEY_UIApplicationSceneManifest_Generation[sdk=iphoneos*]" = YES;
				"INFOPLIST_KEY_UIApplicationSceneManifest_Generation[sdk=iphonesimulator*]" = YES;
				"INFOPLIST_KEY_UIApplicationSupportsIndirectInputEvents[sdk=iphoneos*]" = YES;
				"INFOPLIST_KEY_UIApplicationSupportsIndirectInputEvents[sdk=iphonesimulator*]" = YES;
				"INFOPLIST_KEY_UILaunchScreen_Generation[sdk=iphoneos*]" = YES;
				"INFOPLIST_KEY_UILaunchScreen_Generation[sdk=iphonesimulator*]" = YES;
				"INFOPLIST_KEY_UIStatusBarStyle[sdk=iphoneos*]" = UIStatusBarStyleDefault;
				"INFOPLIST_KEY_UIStatusBarStyle[sdk=iphonesimulator*]" = UIStatusBarStyleDefault;
				INFOPLIST_KEY_UISupportedInterfaceOrientations_iPad = "UIInterfaceOrientationPortrait UIInterfaceOrientationPortraitUpsideDown UIInterfaceOrientationLandscapeLeft UIInterfaceOrientationLandscapeRight";
				INFOPLIST_KEY_UISupportedInterfaceOrientations_iPhone = "UIInterfaceOrientationPortrait UIInterfaceOrientationLandscapeLeft UIInterfaceOrientationLandscapeRight";
				IPHONEOS_DEPLOYMENT_TARGET = 17.5;
				LD_RUNPATH_SEARCH_PATHS = "@executable_path/Frameworks";
				"LD_RUNPATH_SEARCH_PATHS[sdk=macosx*]" = "@executable_path/../Frameworks";
				MACOSX_DEPLOYMENT_TARGET = 14.5;
				MARKETING_VERSION = 1.0;
				PRODUCT_BUNDLE_IDENTIFIER = "dracker.teste-api";
				PRODUCT_NAME = "$(TARGET_NAME)";
				SDKROOT = auto;
				SUPPORTED_PLATFORMS = "iphoneos iphonesimulator macosx";
				SWIFT_EMIT_LOC_STRINGS = YES;
				SWIFT_VERSION = 5.0;
				TARGETED_DEVICE_FAMILY = "1,2";
			};
			name = Debug;
		};
		662C5AD62CA71DA400DA52BF /* Release */ = {
			isa = XCBuildConfiguration;
			buildSettings = {
				ASSETCATALOG_COMPILER_APPICON_NAME = AppIcon;
				ASSETCATALOG_COMPILER_GLOBAL_ACCENT_COLOR_NAME = AccentColor;
				CODE_SIGN_ENTITLEMENTS = "teste-api/teste_api.entitlements";
				CODE_SIGN_STYLE = Automatic;
				CURRENT_PROJECT_VERSION = 1;
				DEVELOPMENT_ASSET_PATHS = "\"teste-api/Preview Content\"";
				ENABLE_PREVIEWS = YES;
				GENERATE_INFOPLIST_FILE = YES;
				"INFOPLIST_KEY_UIApplicationSceneManifest_Generation[sdk=iphoneos*]" = YES;
				"INFOPLIST_KEY_UIApplicationSceneManifest_Generation[sdk=iphonesimulator*]" = YES;
				"INFOPLIST_KEY_UIApplicationSupportsIndirectInputEvents[sdk=iphoneos*]" = YES;
				"INFOPLIST_KEY_UIApplicationSupportsIndirectInputEvents[sdk=iphonesimulator*]" = YES;
				"INFOPLIST_KEY_UILaunchScreen_Generation[sdk=iphoneos*]" = YES;
				"INFOPLIST_KEY_UILaunchScreen_Generation[sdk=iphonesimulator*]" = YES;
				"INFOPLIST_KEY_UIStatusBarStyle[sdk=iphoneos*]" = UIStatusBarStyleDefault;
				"INFOPLIST_KEY_UIStatusBarStyle[sdk=iphonesimulator*]" = UIStatusBarStyleDefault;
				INFOPLIST_KEY_UISupportedInterfaceOrientations_iPad = "UIInterfaceOrientationPortrait UIInterfaceOrientationPortraitUpsideDown UIInterfaceOrientationLandscapeLeft UIInterfaceOrientationLandscapeRight";
				INFOPLIST_KEY_UISupportedInterfaceOrientations_iPhone = "UIInterfaceOrientationPortrait UIInterfaceOrientationLandscapeLeft UIInterfaceOrientationLandscapeRight";
				IPHONEOS_DEPLOYMENT_TARGET = 17.5;
				LD_RUNPATH_SEARCH_PATHS = "@executable_path/Frameworks";
				"LD_RUNPATH_SEARCH_PATHS[sdk=macosx*]" = "@executable_path/../Frameworks";
				MACOSX_DEPLOYMENT_TARGET = 14.5;
				MARKETING_VERSION = 1.0;
				PRODUCT_BUNDLE_IDENTIFIER = "dracker.teste-api";
				PRODUCT_NAME = "$(TARGET_NAME)";
				SDKROOT = auto;
				SUPPORTED_PLATFORMS = "iphoneos iphonesimulator macosx";
				SWIFT_EMIT_LOC_STRINGS = YES;
				SWIFT_VERSION = 5.0;
				TARGETED_DEVICE_FAMILY = "1,2";
			};
			name = Release;
		};
		662C5AD82CA71DA400DA52BF /* Debug */ = {
			isa = XCBuildConfiguration;
			buildSettings = {
				ALWAYS_EMBED_SWIFT_STANDARD_LIBRARIES = YES;
				BUNDLE_LOADER = "$(TEST_HOST)";
				CODE_SIGN_STYLE = Automatic;
				CURRENT_PROJECT_VERSION = 1;
				GENERATE_INFOPLIST_FILE = YES;
				IPHONEOS_DEPLOYMENT_TARGET = 17.5;
				MACOSX_DEPLOYMENT_TARGET = 14.5;
				MARKETING_VERSION = 1.0;
				PRODUCT_BUNDLE_IDENTIFIER = "dracker.teste-apiTests";
				PRODUCT_NAME = "$(TARGET_NAME)";
				SDKROOT = auto;
				SUPPORTED_PLATFORMS = "iphoneos iphonesimulator macosx";
				SWIFT_EMIT_LOC_STRINGS = NO;
				SWIFT_VERSION = 5.0;
				TARGETED_DEVICE_FAMILY = "1,2";
				TEST_HOST = "$(BUILT_PRODUCTS_DIR)/teste-api.app/$(BUNDLE_EXECUTABLE_FOLDER_PATH)/teste-api";
			};
			name = Debug;
		};
		662C5AD92CA71DA400DA52BF /* Release */ = {
			isa = XCBuildConfiguration;
			buildSettings = {
				ALWAYS_EMBED_SWIFT_STANDARD_LIBRARIES = YES;
				BUNDLE_LOADER = "$(TEST_HOST)";
				CODE_SIGN_STYLE = Automatic;
				CURRENT_PROJECT_VERSION = 1;
				GENERATE_INFOPLIST_FILE = YES;
				IPHONEOS_DEPLOYMENT_TARGET = 17.5;
				MACOSX_DEPLOYMENT_TARGET = 14.5;
				MARKETING_VERSION = 1.0;
				PRODUCT_BUNDLE_IDENTIFIER = "dracker.teste-apiTests";
				PRODUCT_NAME = "$(TARGET_NAME)";
				SDKROOT = auto;
				SUPPORTED_PLATFORMS = "iphoneos iphonesimulator macosx";
				SWIFT_EMIT_LOC_STRINGS = NO;
				SWIFT_VERSION = 5.0;
				TARGETED_DEVICE_FAMILY = "1,2";
				TEST_HOST = "$(BUILT_PRODUCTS_DIR)/teste-api.app/$(BUNDLE_EXECUTABLE_FOLDER_PATH)/teste-api";
			};
			name = Release;
		};
		662C5ADB2CA71DA400DA52BF /* Debug */ = {
			isa = XCBuildConfiguration;
			buildSettings = {
				ALWAYS_EMBED_SWIFT_STANDARD_LIBRARIES = YES;
				CODE_SIGN_STYLE = Automatic;
				CURRENT_PROJECT_VERSION = 1;
				GENERATE_INFOPLIST_FILE = YES;
				IPHONEOS_DEPLOYMENT_TARGET = 17.5;
				MACOSX_DEPLOYMENT_TARGET = 14.5;
				MARKETING_VERSION = 1.0;
				PRODUCT_BUNDLE_IDENTIFIER = "dracker.teste-apiUITests";
				PRODUCT_NAME = "$(TARGET_NAME)";
				SDKROOT = auto;
				SUPPORTED_PLATFORMS = "iphoneos iphonesimulator macosx";
				SWIFT_EMIT_LOC_STRINGS = NO;
				SWIFT_VERSION = 5.0;
				TARGETED_DEVICE_FAMILY = "1,2";
				TEST_TARGET_NAME = "teste-api";
			};
			name = Debug;
		};
		662C5ADC2CA71DA400DA52BF /* Release */ = {
			isa = XCBuildConfiguration;
			buildSettings = {
				ALWAYS_EMBED_SWIFT_STANDARD_LIBRARIES = YES;
				CODE_SIGN_STYLE = Automatic;
				CURRENT_PROJECT_VERSION = 1;
				GENERATE_INFOPLIST_FILE = YES;
				IPHONEOS_DEPLOYMENT_TARGET = 17.5;
				MACOSX_DEPLOYMENT_TARGET = 14.5;
				MARKETING_VERSION = 1.0;
				PRODUCT_BUNDLE_IDENTIFIER = "dracker.teste-apiUITests";
				PRODUCT_NAME = "$(TARGET_NAME)";
				SDKROOT = auto;
				SUPPORTED_PLATFORMS = "iphoneos iphonesimulator macosx";
				SWIFT_EMIT_LOC_STRINGS = NO;
				SWIFT_VERSION = 5.0;
				TARGETED_DEVICE_FAMILY = "1,2";
				TEST_TARGET_NAME = "teste-api";
			};
			name = Release;
		};
/* End XCBuildConfiguration section */

/* Begin XCConfigurationList section */
		662C5AAA2CA71DA200DA52BF /* Build configuration list for PBXProject "teste-api" */ = {
			isa = XCConfigurationList;
			buildConfigurations = (
				662C5AD22CA71DA400DA52BF /* Debug */,
				662C5AD32CA71DA400DA52BF /* Release */,
			);
			defaultConfigurationIsVisible = 0;
			defaultConfigurationName = Release;
		};
		662C5AD42CA71DA400DA52BF /* Build configuration list for PBXNativeTarget "teste-api" */ = {
			isa = XCConfigurationList;
			buildConfigurations = (
				662C5AD52CA71DA400DA52BF /* Debug */,
				662C5AD62CA71DA400DA52BF /* Release */,
			);
			defaultConfigurationIsVisible = 0;
			defaultConfigurationName = Release;
		};
		662C5AD72CA71DA400DA52BF /* Build configuration list for PBXNativeTarget "teste-apiTests" */ = {
			isa = XCConfigurationList;
			buildConfigurations = (
				662C5AD82CA71DA400DA52BF /* Debug */,
				662C5AD92CA71DA400DA52BF /* Release */,
			);
			defaultConfigurationIsVisible = 0;
			defaultConfigurationName = Release;
		};
		662C5ADA2CA71DA400DA52BF /* Build configuration list for PBXNativeTarget "teste-apiUITests" */ = {
			isa = XCConfigurationList;
			buildConfigurations = (
				662C5ADB2CA71DA400DA52BF /* Debug */,
				662C5ADC2CA71DA400DA52BF /* Release */,
			);
			defaultConfigurationIsVisible = 0;
			defaultConfigurationName = Release;
		};
/* End XCConfigurationList section */
	};
	rootObject = 662C5AA72CA71DA200DA52BF /* Project object */;
}
