// !$*UTF8*$!
{
	archiveVersion = 1;
	classes = {
	};
	objectVersion = 56;
	objects = {

/* Begin PBXBuildFile section */
		66AF312D2CAB099100A1F641 /* teste_api2App.swift in Sources */ = {isa = PBXBuildFile; fileRef = 66AF312C2CAB099100A1F641 /* teste_api2App.swift */; };
		66AF312F2CAB099100A1F641 /* ContentView.swift in Sources */ = {isa = PBXBuildFile; fileRef = 66AF312E2CAB099100A1F641 /* ContentView.swift */; };
		66AF31312CAB099200A1F641 /* Assets.xcassets in Resources */ = {isa = PBXBuildFile; fileRef = 66AF31302CAB099200A1F641 /* Assets.xcassets */; };
		66AF31352CAB099200A1F641 /* Preview Assets.xcassets in Resources */ = {isa = PBXBuildFile; fileRef = 66AF31342CAB099200A1F641 /* Preview Assets.xcassets */; };
		66AF313F2CAB099200A1F641 /* teste_api2Tests.swift in Sources */ = {isa = PBXBuildFile; fileRef = 66AF313E2CAB099200A1F641 /* teste_api2Tests.swift */; };
		66AF31492CAB099200A1F641 /* teste_api2UITests.swift in Sources */ = {isa = PBXBuildFile; fileRef = 66AF31482CAB099200A1F641 /* teste_api2UITests.swift */; };
		66AF314B2CAB099200A1F641 /* teste_api2UITestsLaunchTests.swift in Sources */ = {isa = PBXBuildFile; fileRef = 66AF314A2CAB099200A1F641 /* teste_api2UITestsLaunchTests.swift */; };
		66AF31582CAB09AB00A1F641 /* Model.swift in Sources */ = {isa = PBXBuildFile; fileRef = 66AF31572CAB09AB00A1F641 /* Model.swift */; };
		66AF315A2CAB09CC00A1F641 /* ViewModel.swift in Sources */ = {isa = PBXBuildFile; fileRef = 66AF31592CAB09CC00A1F641 /* ViewModel.swift */; };
		66AF315E2CAB0ED700A1F641 /* CharView.swift in Sources */ = {isa = PBXBuildFile; fileRef = 66AF315D2CAB0ED700A1F641 /* CharView.swift */; };
/* End PBXBuildFile section */

/* Begin PBXContainerItemProxy section */
		66AF313B2CAB099200A1F641 /* PBXContainerItemProxy */ = {
			isa = PBXContainerItemProxy;
			containerPortal = 66AF31212CAB099100A1F641 /* Project object */;
			proxyType = 1;
			remoteGlobalIDString = 66AF31282CAB099100A1F641;
			remoteInfo = "teste-api2";
		};
		66AF31452CAB099200A1F641 /* PBXContainerItemProxy */ = {
			isa = PBXContainerItemProxy;
			containerPortal = 66AF31212CAB099100A1F641 /* Project object */;
			proxyType = 1;
			remoteGlobalIDString = 66AF31282CAB099100A1F641;
			remoteInfo = "teste-api2";
		};
/* End PBXContainerItemProxy section */

/* Begin PBXFileReference section */
		66AF31292CAB099100A1F641 /* teste-api2.app */ = {isa = PBXFileReference; explicitFileType = wrapper.application; includeInIndex = 0; path = "teste-api2.app"; sourceTree = BUILT_PRODUCTS_DIR; };
		66AF312C2CAB099100A1F641 /* teste_api2App.swift */ = {isa = PBXFileReference; lastKnownFileType = sourcecode.swift; path = teste_api2App.swift; sourceTree = "<group>"; };
		66AF312E2CAB099100A1F641 /* ContentView.swift */ = {isa = PBXFileReference; lastKnownFileType = sourcecode.swift; path = ContentView.swift; sourceTree = "<group>"; };
		66AF31302CAB099200A1F641 /* Assets.xcassets */ = {isa = PBXFileReference; lastKnownFileType = folder.assetcatalog; path = Assets.xcassets; sourceTree = "<group>"; };
		66AF31322CAB099200A1F641 /* teste_api2.entitlements */ = {isa = PBXFileReference; lastKnownFileType = text.plist.entitlements; path = teste_api2.entitlements; sourceTree = "<group>"; };
		66AF31342CAB099200A1F641 /* Preview Assets.xcassets */ = {isa = PBXFileReference; lastKnownFileType = folder.assetcatalog; path = "Preview Assets.xcassets"; sourceTree = "<group>"; };
		66AF313A2CAB099200A1F641 /* teste-api2Tests.xctest */ = {isa = PBXFileReference; explicitFileType = wrapper.cfbundle; includeInIndex = 0; path = "teste-api2Tests.xctest"; sourceTree = BUILT_PRODUCTS_DIR; };
		66AF313E2CAB099200A1F641 /* teste_api2Tests.swift */ = {isa = PBXFileReference; lastKnownFileType = sourcecode.swift; path = teste_api2Tests.swift; sourceTree = "<group>"; };
		66AF31442CAB099200A1F641 /* teste-api2UITests.xctest */ = {isa = PBXFileReference; explicitFileType = wrapper.cfbundle; includeInIndex = 0; path = "teste-api2UITests.xctest"; sourceTree = BUILT_PRODUCTS_DIR; };
		66AF31482CAB099200A1F641 /* teste_api2UITests.swift */ = {isa = PBXFileReference; lastKnownFileType = sourcecode.swift; path = teste_api2UITests.swift; sourceTree = "<group>"; };
		66AF314A2CAB099200A1F641 /* teste_api2UITestsLaunchTests.swift */ = {isa = PBXFileReference; lastKnownFileType = sourcecode.swift; path = teste_api2UITestsLaunchTests.swift; sourceTree = "<group>"; };
		66AF31572CAB09AB00A1F641 /* Model.swift */ = {isa = PBXFileReference; lastKnownFileType = sourcecode.swift; path = Model.swift; sourceTree = "<group>"; };
		66AF31592CAB09CC00A1F641 /* ViewModel.swift */ = {isa = PBXFileReference; lastKnownFileType = sourcecode.swift; path = ViewModel.swift; sourceTree = "<group>"; };
		66AF315D2CAB0ED700A1F641 /* CharView.swift */ = {isa = PBXFileReference; lastKnownFileType = sourcecode.swift; path = CharView.swift; sourceTree = "<group>"; };
/* End PBXFileReference section */

/* Begin PBXFrameworksBuildPhase section */
		66AF31262CAB099100A1F641 /* Frameworks */ = {
			isa = PBXFrameworksBuildPhase;
			buildActionMask = 2147483647;
			files = (
			);
			runOnlyForDeploymentPostprocessing = 0;
		};
		66AF31372CAB099200A1F641 /* Frameworks */ = {
			isa = PBXFrameworksBuildPhase;
			buildActionMask = 2147483647;
			files = (
			);
			runOnlyForDeploymentPostprocessing = 0;
		};
		66AF31412CAB099200A1F641 /* Frameworks */ = {
			isa = PBXFrameworksBuildPhase;
			buildActionMask = 2147483647;
			files = (
			);
			runOnlyForDeploymentPostprocessing = 0;
		};
/* End PBXFrameworksBuildPhase section */

/* Begin PBXGroup section */
		66AF31202CAB099100A1F641 = {
			isa = PBXGroup;
			children = (
				66AF312B2CAB099100A1F641 /* teste-api2 */,
				66AF313D2CAB099200A1F641 /* teste-api2Tests */,
				66AF31472CAB099200A1F641 /* teste-api2UITests */,
				66AF312A2CAB099100A1F641 /* Products */,
			);
			sourceTree = "<group>";
		};
		66AF312A2CAB099100A1F641 /* Products */ = {
			isa = PBXGroup;
			children = (
				66AF31292CAB099100A1F641 /* teste-api2.app */,
				66AF313A2CAB099200A1F641 /* teste-api2Tests.xctest */,
				66AF31442CAB099200A1F641 /* teste-api2UITests.xctest */,
			);
			name = Products;
			sourceTree = "<group>";
		};
		66AF312B2CAB099100A1F641 /* teste-api2 */ = {
			isa = PBXGroup;
			children = (
				66AF312C2CAB099100A1F641 /* teste_api2App.swift */,
				66AF312E2CAB099100A1F641 /* ContentView.swift */,
				66AF31302CAB099200A1F641 /* Assets.xcassets */,
				66AF31322CAB099200A1F641 /* teste_api2.entitlements */,
				66AF31332CAB099200A1F641 /* Preview Content */,
				66AF31572CAB09AB00A1F641 /* Model.swift */,
				66AF31592CAB09CC00A1F641 /* ViewModel.swift */,
				66AF315D2CAB0ED700A1F641 /* CharView.swift */,
			);
			path = "teste-api2";
			sourceTree = "<group>";
		};
		66AF31332CAB099200A1F641 /* Preview Content */ = {
			isa = PBXGroup;
			children = (
				66AF31342CAB099200A1F641 /* Preview Assets.xcassets */,
			);
			path = "Preview Content";
			sourceTree = "<group>";
		};
		66AF313D2CAB099200A1F641 /* teste-api2Tests */ = {
			isa = PBXGroup;
			children = (
				66AF313E2CAB099200A1F641 /* teste_api2Tests.swift */,
			);
			path = "teste-api2Tests";
			sourceTree = "<group>";
		};
		66AF31472CAB099200A1F641 /* teste-api2UITests */ = {
			isa = PBXGroup;
			children = (
				66AF31482CAB099200A1F641 /* teste_api2UITests.swift */,
				66AF314A2CAB099200A1F641 /* teste_api2UITestsLaunchTests.swift */,
			);
			path = "teste-api2UITests";
			sourceTree = "<group>";
		};
/* End PBXGroup section */

/* Begin PBXNativeTarget section */
		66AF31282CAB099100A1F641 /* teste-api2 */ = {
			isa = PBXNativeTarget;
			buildConfigurationList = 66AF314E2CAB099200A1F641 /* Build configuration list for PBXNativeTarget "teste-api2" */;
			buildPhases = (
				66AF31252CAB099100A1F641 /* Sources */,
				66AF31262CAB099100A1F641 /* Frameworks */,
				66AF31272CAB099100A1F641 /* Resources */,
			);
			buildRules = (
			);
			dependencies = (
			);
			name = "teste-api2";
			productName = "teste-api2";
			productReference = 66AF31292CAB099100A1F641 /* teste-api2.app */;
			productType = "com.apple.product-type.application";
		};
		66AF31392CAB099200A1F641 /* teste-api2Tests */ = {
			isa = PBXNativeTarget;
			buildConfigurationList = 66AF31512CAB099200A1F641 /* Build configuration list for PBXNativeTarget "teste-api2Tests" */;
			buildPhases = (
				66AF31362CAB099200A1F641 /* Sources */,
				66AF31372CAB099200A1F641 /* Frameworks */,
				66AF31382CAB099200A1F641 /* Resources */,
			);
			buildRules = (
			);
			dependencies = (
				66AF313C2CAB099200A1F641 /* PBXTargetDependency */,
			);
			name = "teste-api2Tests";
			productName = "teste-api2Tests";
			productReference = 66AF313A2CAB099200A1F641 /* teste-api2Tests.xctest */;
			productType = "com.apple.product-type.bundle.unit-test";
		};
		66AF31432CAB099200A1F641 /* teste-api2UITests */ = {
			isa = PBXNativeTarget;
			buildConfigurationList = 66AF31542CAB099200A1F641 /* Build configuration list for PBXNativeTarget "teste-api2UITests" */;
			buildPhases = (
				66AF31402CAB099200A1F641 /* Sources */,
				66AF31412CAB099200A1F641 /* Frameworks */,
				66AF31422CAB099200A1F641 /* Resources */,
			);
			buildRules = (
			);
			dependencies = (
				66AF31462CAB099200A1F641 /* PBXTargetDependency */,
			);
			name = "teste-api2UITests";
			productName = "teste-api2UITests";
			productReference = 66AF31442CAB099200A1F641 /* teste-api2UITests.xctest */;
			productType = "com.apple.product-type.bundle.ui-testing";
		};
/* End PBXNativeTarget section */

/* Begin PBXProject section */
		66AF31212CAB099100A1F641 /* Project object */ = {
			isa = PBXProject;
			attributes = {
				BuildIndependentTargetsInParallel = 1;
				LastSwiftUpdateCheck = 1540;
				LastUpgradeCheck = 1540;
				TargetAttributes = {
					66AF31282CAB099100A1F641 = {
						CreatedOnToolsVersion = 15.4;
					};
					66AF31392CAB099200A1F641 = {
						CreatedOnToolsVersion = 15.4;
						TestTargetID = 66AF31282CAB099100A1F641;
					};
					66AF31432CAB099200A1F641 = {
						CreatedOnToolsVersion = 15.4;
						TestTargetID = 66AF31282CAB099100A1F641;
					};
				};
			};
			buildConfigurationList = 66AF31242CAB099100A1F641 /* Build configuration list for PBXProject "teste-api2" */;
			compatibilityVersion = "Xcode 14.0";
			developmentRegion = en;
			hasScannedForEncodings = 0;
			knownRegions = (
				en,
				Base,
			);
			mainGroup = 66AF31202CAB099100A1F641;
			productRefGroup = 66AF312A2CAB099100A1F641 /* Products */;
			projectDirPath = "";
			projectRoot = "";
			targets = (
				66AF31282CAB099100A1F641 /* teste-api2 */,
				66AF31392CAB099200A1F641 /* teste-api2Tests */,
				66AF31432CAB099200A1F641 /* teste-api2UITests */,
			);
		};
/* End PBXProject section */

/* Begin PBXResourcesBuildPhase section */
		66AF31272CAB099100A1F641 /* Resources */ = {
			isa = PBXResourcesBuildPhase;
			buildActionMask = 2147483647;
			files = (
				66AF31352CAB099200A1F641 /* Preview Assets.xcassets in Resources */,
				66AF31312CAB099200A1F641 /* Assets.xcassets in Resources */,
			);
			runOnlyForDeploymentPostprocessing = 0;
		};
		66AF31382CAB099200A1F641 /* Resources */ = {
			isa = PBXResourcesBuildPhase;
			buildActionMask = 2147483647;
			files = (
			);
			runOnlyForDeploymentPostprocessing = 0;
		};
		66AF31422CAB099200A1F641 /* Resources */ = {
			isa = PBXResourcesBuildPhase;
			buildActionMask = 2147483647;
			files = (
			);
			runOnlyForDeploymentPostprocessing = 0;
		};
/* End PBXResourcesBuildPhase section */

/* Begin PBXSourcesBuildPhase section */
		66AF31252CAB099100A1F641 /* Sources */ = {
			isa = PBXSourcesBuildPhase;
			buildActionMask = 2147483647;
			files = (
				66AF31582CAB09AB00A1F641 /* Model.swift in Sources */,
				66AF312F2CAB099100A1F641 /* ContentView.swift in Sources */,
				66AF315A2CAB09CC00A1F641 /* ViewModel.swift in Sources */,
				66AF315E2CAB0ED700A1F641 /* CharView.swift in Sources */,
				66AF312D2CAB099100A1F641 /* teste_api2App.swift in Sources */,
			);
			runOnlyForDeploymentPostprocessing = 0;
		};
		66AF31362CAB099200A1F641 /* Sources */ = {
			isa = PBXSourcesBuildPhase;
			buildActionMask = 2147483647;
			files = (
				66AF313F2CAB099200A1F641 /* teste_api2Tests.swift in Sources */,
			);
			runOnlyForDeploymentPostprocessing = 0;
		};
		66AF31402CAB099200A1F641 /* Sources */ = {
			isa = PBXSourcesBuildPhase;
			buildActionMask = 2147483647;
			files = (
				66AF314B2CAB099200A1F641 /* teste_api2UITestsLaunchTests.swift in Sources */,
				66AF31492CAB099200A1F641 /* teste_api2UITests.swift in Sources */,
			);
			runOnlyForDeploymentPostprocessing = 0;
		};
/* End PBXSourcesBuildPhase section */

/* Begin PBXTargetDependency section */
		66AF313C2CAB099200A1F641 /* PBXTargetDependency */ = {
			isa = PBXTargetDependency;
			target = 66AF31282CAB099100A1F641 /* teste-api2 */;
			targetProxy = 66AF313B2CAB099200A1F641 /* PBXContainerItemProxy */;
		};
		66AF31462CAB099200A1F641 /* PBXTargetDependency */ = {
			isa = PBXTargetDependency;
			target = 66AF31282CAB099100A1F641 /* teste-api2 */;
			targetProxy = 66AF31452CAB099200A1F641 /* PBXContainerItemProxy */;
		};
/* End PBXTargetDependency section */

/* Begin XCBuildConfiguration section */
		66AF314C2CAB099200A1F641 /* Debug */ = {
			isa = XCBuildConfiguration;
			buildSettings = {
				ALWAYS_SEARCH_USER_PATHS = NO;
				ASSETCATALOG_COMPILER_GENERATE_SWIFT_ASSET_SYMBOL_EXTENSIONS = YES;
				CLANG_ANALYZER_NONNULL = YES;
				CLANG_ANALYZER_NUMBER_OBJECT_CONVERSION = YES_AGGRESSIVE;
				CLANG_CXX_LANGUAGE_STANDARD = "gnu++20";
				CLANG_ENABLE_MODULES = YES;
				CLANG_ENABLE_OBJC_ARC = YES;
				CLANG_ENABLE_OBJC_WEAK = YES;
				CLANG_WARN_BLOCK_CAPTURE_AUTORELEASING = YES;
				CLANG_WARN_BOOL_CONVERSION = YES;
				CLANG_WARN_COMMA = YES;
				CLANG_WARN_CONSTANT_CONVERSION = YES;
				CLANG_WARN_DEPRECATED_OBJC_IMPLEMENTATIONS = YES;
				CLANG_WARN_DIRECT_OBJC_ISA_USAGE = YES_ERROR;
				CLANG_WARN_DOCUMENTATION_COMMENTS = YES;
				CLANG_WARN_EMPTY_BODY = YES;
				CLANG_WARN_ENUM_CONVERSION = YES;
				CLANG_WARN_INFINITE_RECURSION = YES;
				CLANG_WARN_INT_CONVERSION = YES;
				CLANG_WARN_NON_LITERAL_NULL_CONVERSION = YES;
				CLANG_WARN_OBJC_IMPLICIT_RETAIN_SELF = YES;
				CLANG_WARN_OBJC_LITERAL_CONVERSION = YES;
				CLANG_WARN_OBJC_ROOT_CLASS = YES_ERROR;
				CLANG_WARN_QUOTED_INCLUDE_IN_FRAMEWORK_HEADER = YES;
				CLANG_WARN_RANGE_LOOP_ANALYSIS = YES;
				CLANG_WARN_STRICT_PROTOTYPES = YES;
				CLANG_WARN_SUSPICIOUS_MOVE = YES;
				CLANG_WARN_UNGUARDED_AVAILABILITY = YES_AGGRESSIVE;
				CLANG_WARN_UNREACHABLE_CODE = YES;
				CLANG_WARN__DUPLICATE_METHOD_MATCH = YES;
				COPY_PHASE_STRIP = NO;
				DEBUG_INFORMATION_FORMAT = dwarf;
				ENABLE_STRICT_OBJC_MSGSEND = YES;
				ENABLE_TESTABILITY = YES;
				ENABLE_USER_SCRIPT_SANDBOXING = YES;
				GCC_C_LANGUAGE_STANDARD = gnu17;
				GCC_DYNAMIC_NO_PIC = NO;
				GCC_NO_COMMON_BLOCKS = YES;
				GCC_OPTIMIZATION_LEVEL = 0;
				GCC_PREPROCESSOR_DEFINITIONS = (
					"DEBUG=1",
					"$(inherited)",
				);
				GCC_WARN_64_TO_32_BIT_CONVERSION = YES;
				GCC_WARN_ABOUT_RETURN_TYPE = YES_ERROR;
				GCC_WARN_UNDECLARED_SELECTOR = YES;
				GCC_WARN_UNINITIALIZED_AUTOS = YES_AGGRESSIVE;
				GCC_WARN_UNUSED_FUNCTION = YES;
				GCC_WARN_UNUSED_VARIABLE = YES;
				LOCALIZATION_PREFERS_STRING_CATALOGS = YES;
				MTL_ENABLE_DEBUG_INFO = INCLUDE_SOURCE;
				MTL_FAST_MATH = YES;
				ONLY_ACTIVE_ARCH = YES;
				SWIFT_ACTIVE_COMPILATION_CONDITIONS = "DEBUG $(inherited)";
				SWIFT_OPTIMIZATION_LEVEL = "-Onone";
			};
			name = Debug;
		};
		66AF314D2CAB099200A1F641 /* Release */ = {
			isa = XCBuildConfiguration;
			buildSettings = {
				ALWAYS_SEARCH_USER_PATHS = NO;
				ASSETCATALOG_COMPILER_GENERATE_SWIFT_ASSET_SYMBOL_EXTENSIONS = YES;
				CLANG_ANALYZER_NONNULL = YES;
				CLANG_ANALYZER_NUMBER_OBJECT_CONVERSION = YES_AGGRESSIVE;
				CLANG_CXX_LANGUAGE_STANDARD = "gnu++20";
				CLANG_ENABLE_MODULES = YES;
				CLANG_ENABLE_OBJC_ARC = YES;
				CLANG_ENABLE_OBJC_WEAK = YES;
				CLANG_WARN_BLOCK_CAPTURE_AUTORELEASING = YES;
				CLANG_WARN_BOOL_CONVERSION = YES;
				CLANG_WARN_COMMA = YES;
				CLANG_WARN_CONSTANT_CONVERSION = YES;
				CLANG_WARN_DEPRECATED_OBJC_IMPLEMENTATIONS = YES;
				CLANG_WARN_DIRECT_OBJC_ISA_USAGE = YES_ERROR;
				CLANG_WARN_DOCUMENTATION_COMMENTS = YES;
				CLANG_WARN_EMPTY_BODY = YES;
				CLANG_WARN_ENUM_CONVERSION = YES;
				CLANG_WARN_INFINITE_RECURSION = YES;
				CLANG_WARN_INT_CONVERSION = YES;
				CLANG_WARN_NON_LITERAL_NULL_CONVERSION = YES;
				CLANG_WARN_OBJC_IMPLICIT_RETAIN_SELF = YES;
				CLANG_WARN_OBJC_LITERAL_CONVERSION = YES;
				CLANG_WARN_OBJC_ROOT_CLASS = YES_ERROR;
				CLANG_WARN_QUOTED_INCLUDE_IN_FRAMEWORK_HEADER = YES;
				CLANG_WARN_RANGE_LOOP_ANALYSIS = YES;
				CLANG_WARN_STRICT_PROTOTYPES = YES;
				CLANG_WARN_SUSPICIOUS_MOVE = YES;
				CLANG_WARN_UNGUARDED_AVAILABILITY = YES_AGGRESSIVE;
				CLANG_WARN_UNREACHABLE_CODE = YES;
				CLANG_WARN__DUPLICATE_METHOD_MATCH = YES;
				COPY_PHASE_STRIP = NO;
				DEBUG_INFORMATION_FORMAT = "dwarf-with-dsym";
				ENABLE_NS_ASSERTIONS = NO;
				ENABLE_STRICT_OBJC_MSGSEND = YES;
				ENABLE_USER_SCRIPT_SANDBOXING = YES;
				GCC_C_LANGUAGE_STANDARD = gnu17;
				GCC_NO_COMMON_BLOCKS = YES;
				GCC_WARN_64_TO_32_BIT_CONVERSION = YES;
				GCC_WARN_ABOUT_RETURN_TYPE = YES_ERROR;
				GCC_WARN_UNDECLARED_SELECTOR = YES;
				GCC_WARN_UNINITIALIZED_AUTOS = YES_AGGRESSIVE;
				GCC_WARN_UNUSED_FUNCTION = YES;
				GCC_WARN_UNUSED_VARIABLE = YES;
				LOCALIZATION_PREFERS_STRING_CATALOGS = YES;
				MTL_ENABLE_DEBUG_INFO = NO;
				MTL_FAST_MATH = YES;
				SWIFT_COMPILATION_MODE = wholemodule;
			};
			name = Release;
		};
		66AF314F2CAB099200A1F641 /* Debug */ = {
			isa = XCBuildConfiguration;
			buildSettings = {
				ASSETCATALOG_COMPILER_APPICON_NAME = AppIcon;
				ASSETCATALOG_COMPILER_GLOBAL_ACCENT_COLOR_NAME = AccentColor;
				CODE_SIGN_ENTITLEMENTS = "teste-api2/teste_api2.entitlements";
				CODE_SIGN_STYLE = Automatic;
				CURRENT_PROJECT_VERSION = 1;
				DEVELOPMENT_ASSET_PATHS = "\"teste-api2/Preview Content\"";
				ENABLE_PREVIEWS = YES;
				GENERATE_INFOPLIST_FILE = YES;
				"INFOPLIST_KEY_UIApplicationSceneManifest_Generation[sdk=iphoneos*]" = YES;
				"INFOPLIST_KEY_UIApplicationSceneManifest_Generation[sdk=iphonesimulator*]" = YES;
				"INFOPLIST_KEY_UIApplicationSupportsIndirectInputEvents[sdk=iphoneos*]" = YES;
				"INFOPLIST_KEY_UIApplicationSupportsIndirectInputEvents[sdk=iphonesimulator*]" = YES;
				"INFOPLIST_KEY_UILaunchScreen_Generation[sdk=iphoneos*]" = YES;
				"INFOPLIST_KEY_UILaunchScreen_Generation[sdk=iphonesimulator*]" = YES;
				"INFOPLIST_KEY_UIStatusBarStyle[sdk=iphoneos*]" = UIStatusBarStyleDefault;
				"INFOPLIST_KEY_UIStatusBarStyle[sdk=iphonesimulator*]" = UIStatusBarStyleDefault;
				INFOPLIST_KEY_UISupportedInterfaceOrientations_iPad = "UIInterfaceOrientationPortrait UIInterfaceOrientationPortraitUpsideDown UIInterfaceOrientationLandscapeLeft UIInterfaceOrientationLandscapeRight";
				INFOPLIST_KEY_UISupportedInterfaceOrientations_iPhone = "UIInterfaceOrientationPortrait UIInterfaceOrientationLandscapeLeft UIInterfaceOrientationLandscapeRight";
				IPHONEOS_DEPLOYMENT_TARGET = 17.5;
				LD_RUNPATH_SEARCH_PATHS = "@executable_path/Frameworks";
				"LD_RUNPATH_SEARCH_PATHS[sdk=macosx*]" = "@executable_path/../Frameworks";
				MACOSX_DEPLOYMENT_TARGET = 14.5;
				MARKETING_VERSION = 1.0;
				PRODUCT_BUNDLE_IDENTIFIER = "dracker.teste-api2";
				PRODUCT_NAME = "$(TARGET_NAME)";
				SDKROOT = auto;
				SUPPORTED_PLATFORMS = "iphoneos iphonesimulator macosx";
				SWIFT_EMIT_LOC_STRINGS = YES;
				SWIFT_VERSION = 5.0;
				TARGETED_DEVICE_FAMILY = "1,2";
			};
			name = Debug;
		};
		66AF31502CAB099200A1F641 /* Release */ = {
			isa = XCBuildConfiguration;
			buildSettings = {
				ASSETCATALOG_COMPILER_APPICON_NAME = AppIcon;
				ASSETCATALOG_COMPILER_GLOBAL_ACCENT_COLOR_NAME = AccentColor;
				CODE_SIGN_ENTITLEMENTS = "teste-api2/teste_api2.entitlements";
				CODE_SIGN_STYLE = Automatic;
				CURRENT_PROJECT_VERSION = 1;
				DEVELOPMENT_ASSET_PATHS = "\"teste-api2/Preview Content\"";
				ENABLE_PREVIEWS = YES;
				GENERATE_INFOPLIST_FILE = YES;
				"INFOPLIST_KEY_UIApplicationSceneManifest_Generation[sdk=iphoneos*]" = YES;
				"INFOPLIST_KEY_UIApplicationSceneManifest_Generation[sdk=iphonesimulator*]" = YES;
				"INFOPLIST_KEY_UIApplicationSupportsIndirectInputEvents[sdk=iphoneos*]" = YES;
				"INFOPLIST_KEY_UIApplicationSupportsIndirectInputEvents[sdk=iphonesimulator*]" = YES;
				"INFOPLIST_KEY_UILaunchScreen_Generation[sdk=iphoneos*]" = YES;
				"INFOPLIST_KEY_UILaunchScreen_Generation[sdk=iphonesimulator*]" = YES;
				"INFOPLIST_KEY_UIStatusBarStyle[sdk=iphoneos*]" = UIStatusBarStyleDefault;
				"INFOPLIST_KEY_UIStatusBarStyle[sdk=iphonesimulator*]" = UIStatusBarStyleDefault;
				INFOPLIST_KEY_UISupportedInterfaceOrientations_iPad = "UIInterfaceOrientationPortrait UIInterfaceOrientationPortraitUpsideDown UIInterfaceOrientationLandscapeLeft UIInterfaceOrientationLandscapeRight";
				INFOPLIST_KEY_UISupportedInterfaceOrientations_iPhone = "UIInterfaceOrientationPortrait UIInterfaceOrientationLandscapeLeft UIInterfaceOrientationLandscapeRight";
				IPHONEOS_DEPLOYMENT_TARGET = 17.5;
				LD_RUNPATH_SEARCH_PATHS = "@executable_path/Frameworks";
				"LD_RUNPATH_SEARCH_PATHS[sdk=macosx*]" = "@executable_path/../Frameworks";
				MACOSX_DEPLOYMENT_TARGET = 14.5;
				MARKETING_VERSION = 1.0;
				PRODUCT_BUNDLE_IDENTIFIER = "dracker.teste-api2";
				PRODUCT_NAME = "$(TARGET_NAME)";
				SDKROOT = auto;
				SUPPORTED_PLATFORMS = "iphoneos iphonesimulator macosx";
				SWIFT_EMIT_LOC_STRINGS = YES;
				SWIFT_VERSION = 5.0;
				TARGETED_DEVICE_FAMILY = "1,2";
			};
			name = Release;
		};
		66AF31522CAB099200A1F641 /* Debug */ = {
			isa = XCBuildConfiguration;
			buildSettings = {
				ALWAYS_EMBED_SWIFT_STANDARD_LIBRARIES = YES;
				BUNDLE_LOADER = "$(TEST_HOST)";
				CODE_SIGN_STYLE = Automatic;
				CURRENT_PROJECT_VERSION = 1;
				GENERATE_INFOPLIST_FILE = YES;
				IPHONEOS_DEPLOYMENT_TARGET = 17.5;
				MACOSX_DEPLOYMENT_TARGET = 14.5;
				MARKETING_VERSION = 1.0;
				PRODUCT_BUNDLE_IDENTIFIER = "dracker.teste-api2Tests";
				PRODUCT_NAME = "$(TARGET_NAME)";
				SDKROOT = auto;
				SUPPORTED_PLATFORMS = "iphoneos iphonesimulator macosx";
				SWIFT_EMIT_LOC_STRINGS = NO;
				SWIFT_VERSION = 5.0;
				TARGETED_DEVICE_FAMILY = "1,2";
				TEST_HOST = "$(BUILT_PRODUCTS_DIR)/teste-api2.app/$(BUNDLE_EXECUTABLE_FOLDER_PATH)/teste-api2";
			};
			name = Debug;
		};
		66AF31532CAB099200A1F641 /* Release */ = {
			isa = XCBuildConfiguration;
			buildSettings = {
				ALWAYS_EMBED_SWIFT_STANDARD_LIBRARIES = YES;
				BUNDLE_LOADER = "$(TEST_HOST)";
				CODE_SIGN_STYLE = Automatic;
				CURRENT_PROJECT_VERSION = 1;
				GENERATE_INFOPLIST_FILE = YES;
				IPHONEOS_DEPLOYMENT_TARGET = 17.5;
				MACOSX_DEPLOYMENT_TARGET = 14.5;
				MARKETING_VERSION = 1.0;
				PRODUCT_BUNDLE_IDENTIFIER = "dracker.teste-api2Tests";
				PRODUCT_NAME = "$(TARGET_NAME)";
				SDKROOT = auto;
				SUPPORTED_PLATFORMS = "iphoneos iphonesimulator macosx";
				SWIFT_EMIT_LOC_STRINGS = NO;
				SWIFT_VERSION = 5.0;
				TARGETED_DEVICE_FAMILY = "1,2";
				TEST_HOST = "$(BUILT_PRODUCTS_DIR)/teste-api2.app/$(BUNDLE_EXECUTABLE_FOLDER_PATH)/teste-api2";
			};
			name = Release;
		};
		66AF31552CAB099200A1F641 /* Debug */ = {
			isa = XCBuildConfiguration;
			buildSettings = {
				ALWAYS_EMBED_SWIFT_STANDARD_LIBRARIES = YES;
				CODE_SIGN_STYLE = Automatic;
				CURRENT_PROJECT_VERSION = 1;
				GENERATE_INFOPLIST_FILE = YES;
				IPHONEOS_DEPLOYMENT_TARGET = 17.5;
				MACOSX_DEPLOYMENT_TARGET = 14.5;
				MARKETING_VERSION = 1.0;
				PRODUCT_BUNDLE_IDENTIFIER = "dracker.teste-api2UITests";
				PRODUCT_NAME = "$(TARGET_NAME)";
				SDKROOT = auto;
				SUPPORTED_PLATFORMS = "iphoneos iphonesimulator macosx";
				SWIFT_EMIT_LOC_STRINGS = NO;
				SWIFT_VERSION = 5.0;
				TARGETED_DEVICE_FAMILY = "1,2";
				TEST_TARGET_NAME = "teste-api2";
			};
			name = Debug;
		};
		66AF31562CAB099200A1F641 /* Release */ = {
			isa = XCBuildConfiguration;
			buildSettings = {
				ALWAYS_EMBED_SWIFT_STANDARD_LIBRARIES = YES;
				CODE_SIGN_STYLE = Automatic;
				CURRENT_PROJECT_VERSION = 1;
				GENERATE_INFOPLIST_FILE = YES;
				IPHONEOS_DEPLOYMENT_TARGET = 17.5;
				MACOSX_DEPLOYMENT_TARGET = 14.5;
				MARKETING_VERSION = 1.0;
				PRODUCT_BUNDLE_IDENTIFIER = "dracker.teste-api2UITests";
				PRODUCT_NAME = "$(TARGET_NAME)";
				SDKROOT = auto;
				SUPPORTED_PLATFORMS = "iphoneos iphonesimulator macosx";
				SWIFT_EMIT_LOC_STRINGS = NO;
				SWIFT_VERSION = 5.0;
				TARGETED_DEVICE_FAMILY = "1,2";
				TEST_TARGET_NAME = "teste-api2";
			};
			name = Release;
		};
/* End XCBuildConfiguration section */

/* Begin XCConfigurationList section */
		66AF31242CAB099100A1F641 /* Build configuration list for PBXProject "teste-api2" */ = {
			isa = XCConfigurationList;
			buildConfigurations = (
				66AF314C2CAB099200A1F641 /* Debug */,
				66AF314D2CAB099200A1F641 /* Release */,
			);
			defaultConfigurationIsVisible = 0;
			defaultConfigurationName = Release;
		};
		66AF314E2CAB099200A1F641 /* Build configuration list for PBXNativeTarget "teste-api2" */ = {
			isa = XCConfigurationList;
			buildConfigurations = (
				66AF314F2CAB099200A1F641 /* Debug */,
				66AF31502CAB099200A1F641 /* Release */,
			);
			defaultConfigurationIsVisible = 0;
			defaultConfigurationName = Release;
		};
		66AF31512CAB099200A1F641 /* Build configuration list for PBXNativeTarget "teste-api2Tests" */ = {
			isa = XCConfigurationList;
			buildConfigurations = (
				66AF31522CAB099200A1F641 /* Debug */,
				66AF31532CAB099200A1F641 /* Release */,
			);
			defaultConfigurationIsVisible = 0;
			defaultConfigurationName = Release;
		};
		66AF31542CAB099200A1F641 /* Build configuration list for PBXNativeTarget "teste-api2UITests" */ = {
			isa = XCConfigurationList;
			buildConfigurations = (
				66AF31552CAB099200A1F641 /* Debug */,
				66AF31562CAB099200A1F641 /* Release */,
			);
			defaultConfigurationIsVisible = 0;
			defaultConfigurationName = Release;
		};
/* End XCConfigurationList section */
	};
	rootObject = 66AF31212CAB099100A1F641 /* Project object */;
}
