// !$*UTF8*$!
{
	archiveVersion = 1;
	classes = {
	};
	objectVersion = 56;
	objects = {

/* Begin PBXBuildFile section */
		66296CB62CA5C104009FB4B7 /* mapaApp.swift in Sources */ = {isa = PBXBuildFile; fileRef = 66296CB52CA5C104009FB4B7 /* mapaApp.swift */; };
		66296CB82CA5C104009FB4B7 /* ContentView.swift in Sources */ = {isa = PBXBuildFile; fileRef = 66296CB72CA5C104009FB4B7 /* ContentView.swift */; };
		66296CBA2CA5C106009FB4B7 /* Assets.xcassets in Resources */ = {isa = PBXBuildFile; fileRef = 66296CB92CA5C106009FB4B7 /* Assets.xcassets */; };
		66296CBE2CA5C106009FB4B7 /* Preview Assets.xcassets in Resources */ = {isa = PBXBuildFile; fileRef = 66296CBD2CA5C106009FB4B7 /* Preview Assets.xcassets */; };
		66296CC82CA5C106009FB4B7 /* mapaTests.swift in Sources */ = {isa = PBXBuildFile; fileRef = 66296CC72CA5C106009FB4B7 /* mapaTests.swift */; };
		66296CD22CA5C106009FB4B7 /* mapaUITests.swift in Sources */ = {isa = PBXBuildFile; fileRef = 66296CD12CA5C106009FB4B7 /* mapaUITests.swift */; };
		66296CD42CA5C106009FB4B7 /* mapaUITestsLaunchTests.swift in Sources */ = {isa = PBXBuildFile; fileRef = 66296CD32CA5C106009FB4B7 /* mapaUITestsLaunchTests.swift */; };
/* End PBXBuildFile section */

/* Begin PBXContainerItemProxy section */
		66296CC42CA5C106009FB4B7 /* PBXContainerItemProxy */ = {
			isa = PBXContainerItemProxy;
			containerPortal = 66296CAA2CA5C104009FB4B7 /* Project object */;
			proxyType = 1;
			remoteGlobalIDString = 66296CB12CA5C104009FB4B7;
			remoteInfo = mapa;
		};
		66296CCE2CA5C106009FB4B7 /* PBXContainerItemProxy */ = {
			isa = PBXContainerItemProxy;
			containerPortal = 66296CAA2CA5C104009FB4B7 /* Project object */;
			proxyType = 1;
			remoteGlobalIDString = 66296CB12CA5C104009FB4B7;
			remoteInfo = mapa;
		};
/* End PBXContainerItemProxy section */

/* Begin PBXFileReference section */
		66296CB22CA5C104009FB4B7 /* mapa.app */ = {isa = PBXFileReference; explicitFileType = wrapper.application; includeInIndex = 0; path = mapa.app; sourceTree = BUILT_PRODUCTS_DIR; };
		66296CB52CA5C104009FB4B7 /* mapaApp.swift */ = {isa = PBXFileReference; lastKnownFileType = sourcecode.swift; path = mapaApp.swift; sourceTree = "<group>"; };
		66296CB72CA5C104009FB4B7 /* ContentView.swift */ = {isa = PBXFileReference; lastKnownFileType = sourcecode.swift; path = ContentView.swift; sourceTree = "<group>"; };
		66296CB92CA5C106009FB4B7 /* Assets.xcassets */ = {isa = PBXFileReference; lastKnownFileType = folder.assetcatalog; path = Assets.xcassets; sourceTree = "<group>"; };
		66296CBB2CA5C106009FB4B7 /* mapa.entitlements */ = {isa = PBXFileReference; lastKnownFileType = text.plist.entitlements; path = mapa.entitlements; sourceTree = "<group>"; };
		66296CBD2CA5C106009FB4B7 /* Preview Assets.xcassets */ = {isa = PBXFileReference; lastKnownFileType = folder.assetcatalog; path = "Preview Assets.xcassets"; sourceTree = "<group>"; };
		66296CC32CA5C106009FB4B7 /* mapaTests.xctest */ = {isa = PBXFileReference; explicitFileType = wrapper.cfbundle; includeInIndex = 0; path = mapaTests.xctest; sourceTree = BUILT_PRODUCTS_DIR; };
		66296CC72CA5C106009FB4B7 /* mapaTests.swift */ = {isa = PBXFileReference; lastKnownFileType = sourcecode.swift; path = mapaTests.swift; sourceTree = "<group>"; };
		66296CCD2CA5C106009FB4B7 /* mapaUITests.xctest */ = {isa = PBXFileReference; explicitFileType = wrapper.cfbundle; includeInIndex = 0; path = mapaUITests.xctest; sourceTree = BUILT_PRODUCTS_DIR; };
		66296CD12CA5C106009FB4B7 /* mapaUITests.swift */ = {isa = PBXFileReference; lastKnownFileType = sourcecode.swift; path = mapaUITests.swift; sourceTree = "<group>"; };
		66296CD32CA5C106009FB4B7 /* mapaUITestsLaunchTests.swift */ = {isa = PBXFileReference; lastKnownFileType = sourcecode.swift; path = mapaUITestsLaunchTests.swift; sourceTree = "<group>"; };
/* End PBXFileReference section */

/* Begin PBXFrameworksBuildPhase section */
		66296CAF2CA5C104009FB4B7 /* Frameworks */ = {
			isa = PBXFrameworksBuildPhase;
			buildActionMask = 2147483647;
			files = (
			);
			runOnlyForDeploymentPostprocessing = 0;
		};
		66296CC02CA5C106009FB4B7 /* Frameworks */ = {
			isa = PBXFrameworksBuildPhase;
			buildActionMask = 2147483647;
			files = (
			);
			runOnlyForDeploymentPostprocessing = 0;
		};
		66296CCA2CA5C106009FB4B7 /* Frameworks */ = {
			isa = PBXFrameworksBuildPhase;
			buildActionMask = 2147483647;
			files = (
			);
			runOnlyForDeploymentPostprocessing = 0;
		};
/* End PBXFrameworksBuildPhase section */

/* Begin PBXGroup section */
		66296CA92CA5C104009FB4B7 = {
			isa = PBXGroup;
			children = (
				66296CB42CA5C104009FB4B7 /* mapa */,
				66296CC62CA5C106009FB4B7 /* mapaTests */,
				66296CD02CA5C106009FB4B7 /* mapaUITests */,
				66296CB32CA5C104009FB4B7 /* Products */,
			);
			sourceTree = "<group>";
		};
		66296CB32CA5C104009FB4B7 /* Products */ = {
			isa = PBXGroup;
			children = (
				66296CB22CA5C104009FB4B7 /* mapa.app */,
				66296CC32CA5C106009FB4B7 /* mapaTests.xctest */,
				66296CCD2CA5C106009FB4B7 /* mapaUITests.xctest */,
			);
			name = Products;
			sourceTree = "<group>";
		};
		66296CB42CA5C104009FB4B7 /* mapa */ = {
			isa = PBXGroup;
			children = (
				66296CB52CA5C104009FB4B7 /* mapaApp.swift */,
				66296CB72CA5C104009FB4B7 /* ContentView.swift */,
				66296CB92CA5C106009FB4B7 /* Assets.xcassets */,
				66296CBB2CA5C106009FB4B7 /* mapa.entitlements */,
				66296CBC2CA5C106009FB4B7 /* Preview Content */,
			);
			path = mapa;
			sourceTree = "<group>";
		};
		66296CBC2CA5C106009FB4B7 /* Preview Content */ = {
			isa = PBXGroup;
			children = (
				66296CBD2CA5C106009FB4B7 /* Preview Assets.xcassets */,
			);
			path = "Preview Content";
			sourceTree = "<group>";
		};
		66296CC62CA5C106009FB4B7 /* mapaTests */ = {
			isa = PBXGroup;
			children = (
				66296CC72CA5C106009FB4B7 /* mapaTests.swift */,
			);
			path = mapaTests;
			sourceTree = "<group>";
		};
		66296CD02CA5C106009FB4B7 /* mapaUITests */ = {
			isa = PBXGroup;
			children = (
				66296CD12CA5C106009FB4B7 /* mapaUITests.swift */,
				66296CD32CA5C106009FB4B7 /* mapaUITestsLaunchTests.swift */,
			);
			path = mapaUITests;
			sourceTree = "<group>";
		};
/* End PBXGroup section */

/* Begin PBXNativeTarget section */
		66296CB12CA5C104009FB4B7 /* mapa */ = {
			isa = PBXNativeTarget;
			buildConfigurationList = 66296CD72CA5C106009FB4B7 /* Build configuration list for PBXNativeTarget "mapa" */;
			buildPhases = (
				66296CAE2CA5C104009FB4B7 /* Sources */,
				66296CAF2CA5C104009FB4B7 /* Frameworks */,
				66296CB02CA5C104009FB4B7 /* Resources */,
			);
			buildRules = (
			);
			dependencies = (
			);
			name = mapa;
			productName = mapa;
			productReference = 66296CB22CA5C104009FB4B7 /* mapa.app */;
			productType = "com.apple.product-type.application";
		};
		66296CC22CA5C106009FB4B7 /* mapaTests */ = {
			isa = PBXNativeTarget;
			buildConfigurationList = 66296CDA2CA5C106009FB4B7 /* Build configuration list for PBXNativeTarget "mapaTests" */;
			buildPhases = (
				66296CBF2CA5C106009FB4B7 /* Sources */,
				66296CC02CA5C106009FB4B7 /* Frameworks */,
				66296CC12CA5C106009FB4B7 /* Resources */,
			);
			buildRules = (
			);
			dependencies = (
				66296CC52CA5C106009FB4B7 /* PBXTargetDependency */,
			);
			name = mapaTests;
			productName = mapaTests;
			productReference = 66296CC32CA5C106009FB4B7 /* mapaTests.xctest */;
			productType = "com.apple.product-type.bundle.unit-test";
		};
		66296CCC2CA5C106009FB4B7 /* mapaUITests */ = {
			isa = PBXNativeTarget;
			buildConfigurationList = 66296CDD2CA5C106009FB4B7 /* Build configuration list for PBXNativeTarget "mapaUITests" */;
			buildPhases = (
				66296CC92CA5C106009FB4B7 /* Sources */,
				66296CCA2CA5C106009FB4B7 /* Frameworks */,
				66296CCB2CA5C106009FB4B7 /* Resources */,
			);
			buildRules = (
			);
			dependencies = (
				66296CCF2CA5C106009FB4B7 /* PBXTargetDependency */,
			);
			name = mapaUITests;
			productName = mapaUITests;
			productReference = 66296CCD2CA5C106009FB4B7 /* mapaUITests.xctest */;
			productType = "com.apple.product-type.bundle.ui-testing";
		};
/* End PBXNativeTarget section */

/* Begin PBXProject section */
		66296CAA2CA5C104009FB4B7 /* Project object */ = {
			isa = PBXProject;
			attributes = {
				BuildIndependentTargetsInParallel = 1;
				LastSwiftUpdateCheck = 1540;
				LastUpgradeCheck = 1540;
				TargetAttributes = {
					66296CB12CA5C104009FB4B7 = {
						CreatedOnToolsVersion = 15.4;
					};
					66296CC22CA5C106009FB4B7 = {
						CreatedOnToolsVersion = 15.4;
						TestTargetID = 66296CB12CA5C104009FB4B7;
					};
					66296CCC2CA5C106009FB4B7 = {
						CreatedOnToolsVersion = 15.4;
						TestTargetID = 66296CB12CA5C104009FB4B7;
					};
				};
			};
			buildConfigurationList = 66296CAD2CA5C104009FB4B7 /* Build configuration list for PBXProject "mapa" */;
			compatibilityVersion = "Xcode 14.0";
			developmentRegion = en;
			hasScannedForEncodings = 0;
			knownRegions = (
				en,
				Base,
			);
			mainGroup = 66296CA92CA5C104009FB4B7;
			productRefGroup = 66296CB32CA5C104009FB4B7 /* Products */;
			projectDirPath = "";
			projectRoot = "";
			targets = (
				66296CB12CA5C104009FB4B7 /* mapa */,
				66296CC22CA5C106009FB4B7 /* mapaTests */,
				66296CCC2CA5C106009FB4B7 /* mapaUITests */,
			);
		};
/* End PBXProject section */

/* Begin PBXResourcesBuildPhase section */
		66296CB02CA5C104009FB4B7 /* Resources */ = {
			isa = PBXResourcesBuildPhase;
			buildActionMask = 2147483647;
			files = (
				66296CBE2CA5C106009FB4B7 /* Preview Assets.xcassets in Resources */,
				66296CBA2CA5C106009FB4B7 /* Assets.xcassets in Resources */,
			);
			runOnlyForDeploymentPostprocessing = 0;
		};
		66296CC12CA5C106009FB4B7 /* Resources */ = {
			isa = PBXResourcesBuildPhase;
			buildActionMask = 2147483647;
			files = (
			);
			runOnlyForDeploymentPostprocessing = 0;
		};
		66296CCB2CA5C106009FB4B7 /* Resources */ = {
			isa = PBXResourcesBuildPhase;
			buildActionMask = 2147483647;
			files = (
			);
			runOnlyForDeploymentPostprocessing = 0;
		};
/* End PBXResourcesBuildPhase section */

/* Begin PBXSourcesBuildPhase section */
		66296CAE2CA5C104009FB4B7 /* Sources */ = {
			isa = PBXSourcesBuildPhase;
			buildActionMask = 2147483647;
			files = (
				66296CB82CA5C104009FB4B7 /* ContentView.swift in Sources */,
				66296CB62CA5C104009FB4B7 /* mapaApp.swift in Sources */,
			);
			runOnlyForDeploymentPostprocessing = 0;
		};
		66296CBF2CA5C106009FB4B7 /* Sources */ = {
			isa = PBXSourcesBuildPhase;
			buildActionMask = 2147483647;
			files = (
				66296CC82CA5C106009FB4B7 /* mapaTests.swift in Sources */,
			);
			runOnlyForDeploymentPostprocessing = 0;
		};
		66296CC92CA5C106009FB4B7 /* Sources */ = {
			isa = PBXSourcesBuildPhase;
			buildActionMask = 2147483647;
			files = (
				66296CD22CA5C106009FB4B7 /* mapaUITests.swift in Sources */,
				66296CD42CA5C106009FB4B7 /* mapaUITestsLaunchTests.swift in Sources */,
			);
			runOnlyForDeploymentPostprocessing = 0;
		};
/* End PBXSourcesBuildPhase section */

/* Begin PBXTargetDependency section */
		66296CC52CA5C106009FB4B7 /* PBXTargetDependency */ = {
			isa = PBXTargetDependency;
			target = 66296CB12CA5C104009FB4B7 /* mapa */;
			targetProxy = 66296CC42CA5C106009FB4B7 /* PBXContainerItemProxy */;
		};
		66296CCF2CA5C106009FB4B7 /* PBXTargetDependency */ = {
			isa = PBXTargetDependency;
			target = 66296CB12CA5C104009FB4B7 /* mapa */;
			targetProxy = 66296CCE2CA5C106009FB4B7 /* PBXContainerItemProxy */;
		};
/* End PBXTargetDependency section */

/* Begin XCBuildConfiguration section */
		66296CD52CA5C106009FB4B7 /* Debug */ = {
			isa = XCBuildConfiguration;
			buildSettings = {
				ALWAYS_SEARCH_USER_PATHS = NO;
				ASSETCATALOG_COMPILER_GENERATE_SWIFT_ASSET_SYMBOL_EXTENSIONS = YES;
				CLANG_ANALYZER_NONNULL = YES;
				CLANG_ANALYZER_NUMBER_OBJECT_CONVERSION = YES_AGGRESSIVE;
				CLANG_CXX_LANGUAGE_STANDARD = "gnu++20";
				CLANG_ENABLE_MODULES = YES;
				CLANG_ENABLE_OBJC_ARC = YES;
				CLANG_ENABLE_OBJC_WEAK = YES;
				CLANG_WARN_BLOCK_CAPTURE_AUTORELEASING = YES;
				CLANG_WARN_BOOL_CONVERSION = YES;
				CLANG_WARN_COMMA = YES;
				CLANG_WARN_CONSTANT_CONVERSION = YES;
				CLANG_WARN_DEPRECATED_OBJC_IMPLEMENTATIONS = YES;
				CLANG_WARN_DIRECT_OBJC_ISA_USAGE = YES_ERROR;
				CLANG_WARN_DOCUMENTATION_COMMENTS = YES;
				CLANG_WARN_EMPTY_BODY = YES;
				CLANG_WARN_ENUM_CONVERSION = YES;
				CLANG_WARN_INFINITE_RECURSION = YES;
				CLANG_WARN_INT_CONVERSION = YES;
				CLANG_WARN_NON_LITERAL_NULL_CONVERSION = YES;
				CLANG_WARN_OBJC_IMPLICIT_RETAIN_SELF = YES;
				CLANG_WARN_OBJC_LITERAL_CONVERSION = YES;
				CLANG_WARN_OBJC_ROOT_CLASS = YES_ERROR;
				CLANG_WARN_QUOTED_INCLUDE_IN_FRAMEWORK_HEADER = YES;
				CLANG_WARN_RANGE_LOOP_ANALYSIS = YES;
				CLANG_WARN_STRICT_PROTOTYPES = YES;
				CLANG_WARN_SUSPICIOUS_MOVE = YES;
				CLANG_WARN_UNGUARDED_AVAILABILITY = YES_AGGRESSIVE;
				CLANG_WARN_UNREACHABLE_CODE = YES;
				CLANG_WARN__DUPLICATE_METHOD_MATCH = YES;
				COPY_PHASE_STRIP = NO;
				DEBUG_INFORMATION_FORMAT = dwarf;
				ENABLE_STRICT_OBJC_MSGSEND = YES;
				ENABLE_TESTABILITY = YES;
				ENABLE_USER_SCRIPT_SANDBOXING = YES;
				GCC_C_LANGUAGE_STANDARD = gnu17;
				GCC_DYNAMIC_NO_PIC = NO;
				GCC_NO_COMMON_BLOCKS = YES;
				GCC_OPTIMIZATION_LEVEL = 0;
				GCC_PREPROCESSOR_DEFINITIONS = (
					"DEBUG=1",
					"$(inherited)",
				);
				GCC_WARN_64_TO_32_BIT_CONVERSION = YES;
				GCC_WARN_ABOUT_RETURN_TYPE = YES_ERROR;
				GCC_WARN_UNDECLARED_SELECTOR = YES;
				GCC_WARN_UNINITIALIZED_AUTOS = YES_AGGRESSIVE;
				GCC_WARN_UNUSED_FUNCTION = YES;
				GCC_WARN_UNUSED_VARIABLE = YES;
				LOCALIZATION_PREFERS_STRING_CATALOGS = YES;
				MTL_ENABLE_DEBUG_INFO = INCLUDE_SOURCE;
				MTL_FAST_MATH = YES;
				ONLY_ACTIVE_ARCH = YES;
				SWIFT_ACTIVE_COMPILATION_CONDITIONS = "DEBUG $(inherited)";
				SWIFT_OPTIMIZATION_LEVEL = "-Onone";
			};
			name = Debug;
		};
		66296CD62CA5C106009FB4B7 /* Release */ = {
			isa = XCBuildConfiguration;
			buildSettings = {
				ALWAYS_SEARCH_USER_PATHS = NO;
				ASSETCATALOG_COMPILER_GENERATE_SWIFT_ASSET_SYMBOL_EXTENSIONS = YES;
				CLANG_ANALYZER_NONNULL = YES;
				CLANG_ANALYZER_NUMBER_OBJECT_CONVERSION = YES_AGGRESSIVE;
				CLANG_CXX_LANGUAGE_STANDARD = "gnu++20";
				CLANG_ENABLE_MODULES = YES;
				CLANG_ENABLE_OBJC_ARC = YES;
				CLANG_ENABLE_OBJC_WEAK = YES;
				CLANG_WARN_BLOCK_CAPTURE_AUTORELEASING = YES;
				CLANG_WARN_BOOL_CONVERSION = YES;
				CLANG_WARN_COMMA = YES;
				CLANG_WARN_CONSTANT_CONVERSION = YES;
				CLANG_WARN_DEPRECATED_OBJC_IMPLEMENTATIONS = YES;
				CLANG_WARN_DIRECT_OBJC_ISA_USAGE = YES_ERROR;
				CLANG_WARN_DOCUMENTATION_COMMENTS = YES;
				CLANG_WARN_EMPTY_BODY = YES;
				CLANG_WARN_ENUM_CONVERSION = YES;
				CLANG_WARN_INFINITE_RECURSION = YES;
				CLANG_WARN_INT_CONVERSION = YES;
				CLANG_WARN_NON_LITERAL_NULL_CONVERSION = YES;
				CLANG_WARN_OBJC_IMPLICIT_RETAIN_SELF = YES;
				CLANG_WARN_OBJC_LITERAL_CONVERSION = YES;
				CLANG_WARN_OBJC_ROOT_CLASS = YES_ERROR;
				CLANG_WARN_QUOTED_INCLUDE_IN_FRAMEWORK_HEADER = YES;
				CLANG_WARN_RANGE_LOOP_ANALYSIS = YES;
				CLANG_WARN_STRICT_PROTOTYPES = YES;
				CLANG_WARN_SUSPICIOUS_MOVE = YES;
				CLANG_WARN_UNGUARDED_AVAILABILITY = YES_AGGRESSIVE;
				CLANG_WARN_UNREACHABLE_CODE = YES;
				CLANG_WARN__DUPLICATE_METHOD_MATCH = YES;
				COPY_PHASE_STRIP = NO;
				DEBUG_INFORMATION_FORMAT = "dwarf-with-dsym";
				ENABLE_NS_ASSERTIONS = NO;
				ENABLE_STRICT_OBJC_MSGSEND = YES;
				ENABLE_USER_SCRIPT_SANDBOXING = YES;
				GCC_C_LANGUAGE_STANDARD = gnu17;
				GCC_NO_COMMON_BLOCKS = YES;
				GCC_WARN_64_TO_32_BIT_CONVERSION = YES;
				GCC_WARN_ABOUT_RETURN_TYPE = YES_ERROR;
				GCC_WARN_UNDECLARED_SELECTOR = YES;
				GCC_WARN_UNINITIALIZED_AUTOS = YES_AGGRESSIVE;
				GCC_WARN_UNUSED_FUNCTION = YES;
				GCC_WARN_UNUSED_VARIABLE = YES;
				LOCALIZATION_PREFERS_STRING_CATALOGS = YES;
				MTL_ENABLE_DEBUG_INFO = NO;
				MTL_FAST_MATH = YES;
				SWIFT_COMPILATION_MODE = wholemodule;
			};
			name = Release;
		};
		66296CD82CA5C106009FB4B7 /* Debug */ = {
			isa = XCBuildConfiguration;
			buildSettings = {
				ASSETCATALOG_COMPILER_APPICON_NAME = AppIcon;
				ASSETCATALOG_COMPILER_GLOBAL_ACCENT_COLOR_NAME = AccentColor;
				CODE_SIGN_ENTITLEMENTS = mapa/mapa.entitlements;
				CODE_SIGN_STYLE = Automatic;
				CURRENT_PROJECT_VERSION = 1;
				DEVELOPMENT_ASSET_PATHS = "\"mapa/Preview Content\"";
				ENABLE_PREVIEWS = YES;
				GENERATE_INFOPLIST_FILE = YES;
				"INFOPLIST_KEY_UIApplicationSceneManifest_Generation[sdk=iphoneos*]" = YES;
				"INFOPLIST_KEY_UIApplicationSceneManifest_Generation[sdk=iphonesimulator*]" = YES;
				"INFOPLIST_KEY_UIApplicationSupportsIndirectInputEvents[sdk=iphoneos*]" = YES;
				"INFOPLIST_KEY_UIApplicationSupportsIndirectInputEvents[sdk=iphonesimulator*]" = YES;
				"INFOPLIST_KEY_UILaunchScreen_Generation[sdk=iphoneos*]" = YES;
				"INFOPLIST_KEY_UILaunchScreen_Generation[sdk=iphonesimulator*]" = YES;
				"INFOPLIST_KEY_UIStatusBarStyle[sdk=iphoneos*]" = UIStatusBarStyleDefault;
				"INFOPLIST_KEY_UIStatusBarStyle[sdk=iphonesimulator*]" = UIStatusBarStyleDefault;
				INFOPLIST_KEY_UISupportedInterfaceOrientations_iPad = "UIInterfaceOrientationPortrait UIInterfaceOrientationPortraitUpsideDown UIInterfaceOrientationLandscapeLeft UIInterfaceOrientationLandscapeRight";
				INFOPLIST_KEY_UISupportedInterfaceOrientations_iPhone = "UIInterfaceOrientationPortrait UIInterfaceOrientationLandscapeLeft UIInterfaceOrientationLandscapeRight";
				IPHONEOS_DEPLOYMENT_TARGET = 17.5;
				LD_RUNPATH_SEARCH_PATHS = "@executable_path/Frameworks";
				"LD_RUNPATH_SEARCH_PATHS[sdk=macosx*]" = "@executable_path/../Frameworks";
				MACOSX_DEPLOYMENT_TARGET = 14.5;
				MARKETING_VERSION = 1.0;
				PRODUCT_BUNDLE_IDENTIFIER = dracker.mapa;
				PRODUCT_NAME = "$(TARGET_NAME)";
				SDKROOT = auto;
				SUPPORTED_PLATFORMS = "iphoneos iphonesimulator macosx";
				SWIFT_EMIT_LOC_STRINGS = YES;
				SWIFT_VERSION = 5.0;
				TARGETED_DEVICE_FAMILY = "1,2";
			};
			name = Debug;
		};
		66296CD92CA5C106009FB4B7 /* Release */ = {
			isa = XCBuildConfiguration;
			buildSettings = {
				ASSETCATALOG_COMPILER_APPICON_NAME = AppIcon;
				ASSETCATALOG_COMPILER_GLOBAL_ACCENT_COLOR_NAME = AccentColor;
				CODE_SIGN_ENTITLEMENTS = mapa/mapa.entitlements;
				CODE_SIGN_STYLE = Automatic;
				CURRENT_PROJECT_VERSION = 1;
				DEVELOPMENT_ASSET_PATHS = "\"mapa/Preview Content\"";
				ENABLE_PREVIEWS = YES;
				GENERATE_INFOPLIST_FILE = YES;
				"INFOPLIST_KEY_UIApplicationSceneManifest_Generation[sdk=iphoneos*]" = YES;
				"INFOPLIST_KEY_UIApplicationSceneManifest_Generation[sdk=iphonesimulator*]" = YES;
				"INFOPLIST_KEY_UIApplicationSupportsIndirectInputEvents[sdk=iphoneos*]" = YES;
				"INFOPLIST_KEY_UIApplicationSupportsIndirectInputEvents[sdk=iphonesimulator*]" = YES;
				"INFOPLIST_KEY_UILaunchScreen_Generation[sdk=iphoneos*]" = YES;
				"INFOPLIST_KEY_UILaunchScreen_Generation[sdk=iphonesimulator*]" = YES;
				"INFOPLIST_KEY_UIStatusBarStyle[sdk=iphoneos*]" = UIStatusBarStyleDefault;
				"INFOPLIST_KEY_UIStatusBarStyle[sdk=iphonesimulator*]" = UIStatusBarStyleDefault;
				INFOPLIST_KEY_UISupportedInterfaceOrientations_iPad = "UIInterfaceOrientationPortrait UIInterfaceOrientationPortraitUpsideDown UIInterfaceOrientationLandscapeLeft UIInterfaceOrientationLandscapeRight";
				INFOPLIST_KEY_UISupportedInterfaceOrientations_iPhone = "UIInterfaceOrientationPortrait UIInterfaceOrientationLandscapeLeft UIInterfaceOrientationLandscapeRight";
				IPHONEOS_DEPLOYMENT_TARGET = 17.5;
				LD_RUNPATH_SEARCH_PATHS = "@executable_path/Frameworks";
				"LD_RUNPATH_SEARCH_PATHS[sdk=macosx*]" = "@executable_path/../Frameworks";
				MACOSX_DEPLOYMENT_TARGET = 14.5;
				MARKETING_VERSION = 1.0;
				PRODUCT_BUNDLE_IDENTIFIER = dracker.mapa;
				PRODUCT_NAME = "$(TARGET_NAME)";
				SDKROOT = auto;
				SUPPORTED_PLATFORMS = "iphoneos iphonesimulator macosx";
				SWIFT_EMIT_LOC_STRINGS = YES;
				SWIFT_VERSION = 5.0;
				TARGETED_DEVICE_FAMILY = "1,2";
			};
			name = Release;
		};
		66296CDB2CA5C106009FB4B7 /* Debug */ = {
			isa = XCBuildConfiguration;
			buildSettings = {
				ALWAYS_EMBED_SWIFT_STANDARD_LIBRARIES = YES;
				BUNDLE_LOADER = "$(TEST_HOST)";
				CODE_SIGN_STYLE = Automatic;
				CURRENT_PROJECT_VERSION = 1;
				GENERATE_INFOPLIST_FILE = YES;
				IPHONEOS_DEPLOYMENT_TARGET = 17.5;
				MACOSX_DEPLOYMENT_TARGET = 14.5;
				MARKETING_VERSION = 1.0;
				PRODUCT_BUNDLE_IDENTIFIER = dracker.mapaTests;
				PRODUCT_NAME = "$(TARGET_NAME)";
				SDKROOT = auto;
				SUPPORTED_PLATFORMS = "iphoneos iphonesimulator macosx";
				SWIFT_EMIT_LOC_STRINGS = NO;
				SWIFT_VERSION = 5.0;
				TARGETED_DEVICE_FAMILY = "1,2";
				TEST_HOST = "$(BUILT_PRODUCTS_DIR)/mapa.app/$(BUNDLE_EXECUTABLE_FOLDER_PATH)/mapa";
			};
			name = Debug;
		};
		66296CDC2CA5C106009FB4B7 /* Release */ = {
			isa = XCBuildConfiguration;
			buildSettings = {
				ALWAYS_EMBED_SWIFT_STANDARD_LIBRARIES = YES;
				BUNDLE_LOADER = "$(TEST_HOST)";
				CODE_SIGN_STYLE = Automatic;
				CURRENT_PROJECT_VERSION = 1;
				GENERATE_INFOPLIST_FILE = YES;
				IPHONEOS_DEPLOYMENT_TARGET = 17.5;
				MACOSX_DEPLOYMENT_TARGET = 14.5;
				MARKETING_VERSION = 1.0;
				PRODUCT_BUNDLE_IDENTIFIER = dracker.mapaTests;
				PRODUCT_NAME = "$(TARGET_NAME)";
				SDKROOT = auto;
				SUPPORTED_PLATFORMS = "iphoneos iphonesimulator macosx";
				SWIFT_EMIT_LOC_STRINGS = NO;
				SWIFT_VERSION = 5.0;
				TARGETED_DEVICE_FAMILY = "1,2";
				TEST_HOST = "$(BUILT_PRODUCTS_DIR)/mapa.app/$(BUNDLE_EXECUTABLE_FOLDER_PATH)/mapa";
			};
			name = Release;
		};
		66296CDE2CA5C106009FB4B7 /* Debug */ = {
			isa = XCBuildConfiguration;
			buildSettings = {
				ALWAYS_EMBED_SWIFT_STANDARD_LIBRARIES = YES;
				CODE_SIGN_STYLE = Automatic;
				CURRENT_PROJECT_VERSION = 1;
				GENERATE_INFOPLIST_FILE = YES;
				IPHONEOS_DEPLOYMENT_TARGET = 17.5;
				MACOSX_DEPLOYMENT_TARGET = 14.5;
				MARKETING_VERSION = 1.0;
				PRODUCT_BUNDLE_IDENTIFIER = dracker.mapaUITests;
				PRODUCT_NAME = "$(TARGET_NAME)";
				SDKROOT = auto;
				SUPPORTED_PLATFORMS = "iphoneos iphonesimulator macosx";
				SWIFT_EMIT_LOC_STRINGS = NO;
				SWIFT_VERSION = 5.0;
				TARGETED_DEVICE_FAMILY = "1,2";
				TEST_TARGET_NAME = mapa;
			};
			name = Debug;
		};
		66296CDF2CA5C106009FB4B7 /* Release */ = {
			isa = XCBuildConfiguration;
			buildSettings = {
				ALWAYS_EMBED_SWIFT_STANDARD_LIBRARIES = YES;
				CODE_SIGN_STYLE = Automatic;
				CURRENT_PROJECT_VERSION = 1;
				GENERATE_INFOPLIST_FILE = YES;
				IPHONEOS_DEPLOYMENT_TARGET = 17.5;
				MACOSX_DEPLOYMENT_TARGET = 14.5;
				MARKETING_VERSION = 1.0;
				PRODUCT_BUNDLE_IDENTIFIER = dracker.mapaUITests;
				PRODUCT_NAME = "$(TARGET_NAME)";
				SDKROOT = auto;
				SUPPORTED_PLATFORMS = "iphoneos iphonesimulator macosx";
				SWIFT_EMIT_LOC_STRINGS = NO;
				SWIFT_VERSION = 5.0;
				TARGETED_DEVICE_FAMILY = "1,2";
				TEST_TARGET_NAME = mapa;
			};
			name = Release;
		};
/* End XCBuildConfiguration section */

/* Begin XCConfigurationList section */
		66296CAD2CA5C104009FB4B7 /* Build configuration list for PBXProject "mapa" */ = {
			isa = XCConfigurationList;
			buildConfigurations = (
				66296CD52CA5C106009FB4B7 /* Debug */,
				66296CD62CA5C106009FB4B7 /* Release */,
			);
			defaultConfigurationIsVisible = 0;
			defaultConfigurationName = Release;
		};
		66296CD72CA5C106009FB4B7 /* Build configuration list for PBXNativeTarget "mapa" */ = {
			isa = XCConfigurationList;
			buildConfigurations = (
				66296CD82CA5C106009FB4B7 /* Debug */,
				66296CD92CA5C106009FB4B7 /* Release */,
			);
			defaultConfigurationIsVisible = 0;
			defaultConfigurationName = Release;
		};
		66296CDA2CA5C106009FB4B7 /* Build configuration list for PBXNativeTarget "mapaTests" */ = {
			isa = XCConfigurationList;
			buildConfigurations = (
				66296CDB2CA5C106009FB4B7 /* Debug */,
				66296CDC2CA5C106009FB4B7 /* Release */,
			);
			defaultConfigurationIsVisible = 0;
			defaultConfigurationName = Release;
		};
		66296CDD2CA5C106009FB4B7 /* Build configuration list for PBXNativeTarget "mapaUITests" */ = {
			isa = XCConfigurationList;
			buildConfigurations = (
				66296CDE2CA5C106009FB4B7 /* Debug */,
				66296CDF2CA5C106009FB4B7 /* Release */,
			);
			defaultConfigurationIsVisible = 0;
			defaultConfigurationName = Release;
		};
/* End XCConfigurationList section */
	};
	rootObject = 66296CAA2CA5C104009FB4B7 /* Project object */;
}
